// !$*UTF8*$!
{
	archiveVersion = 1;
	classes = {
	};
	objectVersion = 46;
	objects = {

/* Begin PBXBuildFile section */
		2C099781184465E000E6C045 /* CollectionsViewController.m in Sources */ = {isa = PBXBuildFile; fileRef = 2C099780184465E000E6C045 /* CollectionsViewController.m */; };
		2C099784184478F000E6C045 /* CollectionCell.m in Sources */ = {isa = PBXBuildFile; fileRef = 2C099783184478F000E6C045 /* CollectionCell.m */; };
		2C1A2DA3183AA07F00172B46 /* Movie.m in Sources */ = {isa = PBXBuildFile; fileRef = 2C1A2DA2183AA07F00172B46 /* Movie.m */; };
		2C32ADE0185162DA00698205 /* DetailForCollectionsViewController.m in Sources */ = {isa = PBXBuildFile; fileRef = 2C32ADDF185162DA00698205 /* DetailForCollectionsViewController.m */; };
		2C583BE51845640300748D7F /* reusableView.m in Sources */ = {isa = PBXBuildFile; fileRef = 2C583BE41845640300748D7F /* reusableView.m */; };
		2C727A81184178270022D827 /* CollectionItem.m in Sources */ = {isa = PBXBuildFile; fileRef = 2C727A80184178270022D827 /* CollectionItem.m */; };
		2C727A8418417CA70022D827 /* Brain.m in Sources */ = {isa = PBXBuildFile; fileRef = 2C727A8318417CA70022D827 /* Brain.m */; };
		2C727A8A184194890022D827 /* CollectionsListViewController.m in Sources */ = {isa = PBXBuildFile; fileRef = 2C727A89184194890022D827 /* CollectionsListViewController.m */; };
		2CB5F2C41837371E0069A2D2 /* Foundation.framework in Frameworks */ = {isa = PBXBuildFile; fileRef = 2CB5F2C31837371E0069A2D2 /* Foundation.framework */; };
		2CB5F2C61837371F0069A2D2 /* CoreGraphics.framework in Frameworks */ = {isa = PBXBuildFile; fileRef = 2CB5F2C51837371F0069A2D2 /* CoreGraphics.framework */; };
		2CB5F2C81837371F0069A2D2 /* UIKit.framework in Frameworks */ = {isa = PBXBuildFile; fileRef = 2CB5F2C71837371F0069A2D2 /* UIKit.framework */; };
		2CB5F2CE1837371F0069A2D2 /* InfoPlist.strings in Resources */ = {isa = PBXBuildFile; fileRef = 2CB5F2CC1837371F0069A2D2 /* InfoPlist.strings */; };
		2CB5F2D01837371F0069A2D2 /* main.m in Sources */ = {isa = PBXBuildFile; fileRef = 2CB5F2CF1837371F0069A2D2 /* main.m */; };
		2CB5F2D41837371F0069A2D2 /* CollectionsAppDelegate.m in Sources */ = {isa = PBXBuildFile; fileRef = 2CB5F2D31837371F0069A2D2 /* CollectionsAppDelegate.m */; };
		2CB5F2D71837371F0069A2D2 /* Main.storyboard in Resources */ = {isa = PBXBuildFile; fileRef = 2CB5F2D51837371F0069A2D2 /* Main.storyboard */; };
		2CB5F2DA1837371F0069A2D2 /* CollectionsMasterViewController.m in Sources */ = {isa = PBXBuildFile; fileRef = 2CB5F2D91837371F0069A2D2 /* CollectionsMasterViewController.m */; };
		2CB5F2DD1837371F0069A2D2 /* CollectionsDetailViewController.m in Sources */ = {isa = PBXBuildFile; fileRef = 2CB5F2DC1837371F0069A2D2 /* CollectionsDetailViewController.m */; };
		2CB5F2DF1837371F0069A2D2 /* Images.xcassets in Resources */ = {isa = PBXBuildFile; fileRef = 2CB5F2DE1837371F0069A2D2 /* Images.xcassets */; };
		2CB5F2E61837371F0069A2D2 /* XCTest.framework in Frameworks */ = {isa = PBXBuildFile; fileRef = 2CB5F2E51837371F0069A2D2 /* XCTest.framework */; };
		2CB5F2E71837371F0069A2D2 /* Foundation.framework in Frameworks */ = {isa = PBXBuildFile; fileRef = 2CB5F2C31837371E0069A2D2 /* Foundation.framework */; };
		2CB5F2E81837371F0069A2D2 /* UIKit.framework in Frameworks */ = {isa = PBXBuildFile; fileRef = 2CB5F2C71837371F0069A2D2 /* UIKit.framework */; };
		2CB5F2F01837371F0069A2D2 /* InfoPlist.strings in Resources */ = {isa = PBXBuildFile; fileRef = 2CB5F2EE1837371F0069A2D2 /* InfoPlist.strings */; };
		2CB5F2F21837371F0069A2D2 /* CollectionsTests.m in Sources */ = {isa = PBXBuildFile; fileRef = 2CB5F2F11837371F0069A2D2 /* CollectionsTests.m */; };
		C81F4EC2F2ED40A3AADF9256 /* libPods.a in Frameworks */ = {isa = PBXBuildFile; fileRef = 2F187591B1D240ECA8709BC3 /* libPods.a */; };
/* End PBXBuildFile section */

/* Begin PBXContainerItemProxy section */
		2CB5F2E91837371F0069A2D2 /* PBXContainerItemProxy */ = {
			isa = PBXContainerItemProxy;
			containerPortal = 2CB5F2B81837371E0069A2D2 /* Project object */;
			proxyType = 1;
			remoteGlobalIDString = 2CB5F2BF1837371E0069A2D2;
			remoteInfo = Collections;
		};
/* End PBXContainerItemProxy section */

/* Begin PBXFileReference section */
		2C09977F184465E000E6C045 /* CollectionsViewController.h */ = {isa = PBXFileReference; fileEncoding = 4; lastKnownFileType = sourcecode.c.h; path = CollectionsViewController.h; sourceTree = "<group>"; };
		2C099780184465E000E6C045 /* CollectionsViewController.m */ = {isa = PBXFileReference; fileEncoding = 4; lastKnownFileType = sourcecode.c.objc; path = CollectionsViewController.m; sourceTree = "<group>"; };
		2C099782184478F000E6C045 /* CollectionCell.h */ = {isa = PBXFileReference; fileEncoding = 4; lastKnownFileType = sourcecode.c.h; path = CollectionCell.h; sourceTree = "<group>"; };
		2C099783184478F000E6C045 /* CollectionCell.m */ = {isa = PBXFileReference; fileEncoding = 4; lastKnownFileType = sourcecode.c.objc; path = CollectionCell.m; sourceTree = "<group>"; };
		2C1A2DA1183AA07F00172B46 /* Movie.h */ = {isa = PBXFileReference; fileEncoding = 4; lastKnownFileType = sourcecode.c.h; path = Movie.h; sourceTree = "<group>"; };
		2C1A2DA2183AA07F00172B46 /* Movie.m */ = {isa = PBXFileReference; fileEncoding = 4; lastKnownFileType = sourcecode.c.objc; path = Movie.m; sourceTree = "<group>"; };
		2C32ADDE185162DA00698205 /* DetailForCollectionsViewController.h */ = {isa = PBXFileReference; fileEncoding = 4; lastKnownFileType = sourcecode.c.h; path = DetailForCollectionsViewController.h; sourceTree = "<group>"; };
		2C32ADDF185162DA00698205 /* DetailForCollectionsViewController.m */ = {isa = PBXFileReference; fileEncoding = 4; lastKnownFileType = sourcecode.c.objc; path = DetailForCollectionsViewController.m; sourceTree = "<group>"; };
		2C583BE31845640300748D7F /* reusableView.h */ = {isa = PBXFileReference; fileEncoding = 4; lastKnownFileType = sourcecode.c.h; path = reusableView.h; sourceTree = "<group>"; };
		2C583BE41845640300748D7F /* reusableView.m */ = {isa = PBXFileReference; fileEncoding = 4; lastKnownFileType = sourcecode.c.objc; path = reusableView.m; sourceTree = "<group>"; };
		2C727A7F184178270022D827 /* CollectionItem.h */ = {isa = PBXFileReference; fileEncoding = 4; lastKnownFileType = sourcecode.c.h; path = CollectionItem.h; sourceTree = "<group>"; };
		2C727A80184178270022D827 /* CollectionItem.m */ = {isa = PBXFileReference; fileEncoding = 4; lastKnownFileType = sourcecode.c.objc; path = CollectionItem.m; sourceTree = "<group>"; };
		2C727A8218417CA70022D827 /* Brain.h */ = {isa = PBXFileReference; fileEncoding = 4; lastKnownFileType = sourcecode.c.h; path = Brain.h; sourceTree = "<group>"; };
		2C727A8318417CA70022D827 /* Brain.m */ = {isa = PBXFileReference; fileEncoding = 4; lastKnownFileType = sourcecode.c.objc; path = Brain.m; sourceTree = "<group>"; };
		2C727A88184194890022D827 /* CollectionsListViewController.h */ = {isa = PBXFileReference; fileEncoding = 4; lastKnownFileType = sourcecode.c.h; path = CollectionsListViewController.h; sourceTree = "<group>"; };
		2C727A89184194890022D827 /* CollectionsListViewController.m */ = {isa = PBXFileReference; fileEncoding = 4; lastKnownFileType = sourcecode.c.objc; path = CollectionsListViewController.m; sourceTree = "<group>"; };
		2CB5F2C01837371E0069A2D2 /* Collections.app */ = {isa = PBXFileReference; explicitFileType = wrapper.application; includeInIndex = 0; path = Collections.app; sourceTree = BUILT_PRODUCTS_DIR; };
		2CB5F2C31837371E0069A2D2 /* Foundation.framework */ = {isa = PBXFileReference; lastKnownFileType = wrapper.framework; name = Foundation.framework; path = System/Library/Frameworks/Foundation.framework; sourceTree = SDKROOT; };
		2CB5F2C51837371F0069A2D2 /* CoreGraphics.framework */ = {isa = PBXFileReference; lastKnownFileType = wrapper.framework; name = CoreGraphics.framework; path = System/Library/Frameworks/CoreGraphics.framework; sourceTree = SDKROOT; };
		2CB5F2C71837371F0069A2D2 /* UIKit.framework */ = {isa = PBXFileReference; lastKnownFileType = wrapper.framework; name = UIKit.framework; path = System/Library/Frameworks/UIKit.framework; sourceTree = SDKROOT; };
		2CB5F2CB1837371F0069A2D2 /* Collections-Info.plist */ = {isa = PBXFileReference; lastKnownFileType = text.plist.xml; path = "Collections-Info.plist"; sourceTree = "<group>"; };
		2CB5F2CD1837371F0069A2D2 /* en */ = {isa = PBXFileReference; lastKnownFileType = text.plist.strings; name = en; path = en.lproj/InfoPlist.strings; sourceTree = "<group>"; };
		2CB5F2CF1837371F0069A2D2 /* main.m */ = {isa = PBXFileReference; lastKnownFileType = sourcecode.c.objc; path = main.m; sourceTree = "<group>"; };
		2CB5F2D11837371F0069A2D2 /* Collections-Prefix.pch */ = {isa = PBXFileReference; lastKnownFileType = sourcecode.c.h; path = "Collections-Prefix.pch"; sourceTree = "<group>"; };
		2CB5F2D21837371F0069A2D2 /* CollectionsAppDelegate.h */ = {isa = PBXFileReference; lastKnownFileType = sourcecode.c.h; path = CollectionsAppDelegate.h; sourceTree = "<group>"; };
		2CB5F2D31837371F0069A2D2 /* CollectionsAppDelegate.m */ = {isa = PBXFileReference; lastKnownFileType = sourcecode.c.objc; path = CollectionsAppDelegate.m; sourceTree = "<group>"; };
		2CB5F2D61837371F0069A2D2 /* Base */ = {isa = PBXFileReference; lastKnownFileType = file.storyboard; name = Base; path = Base.lproj/Main.storyboard; sourceTree = "<group>"; };
		2CB5F2D81837371F0069A2D2 /* CollectionsMasterViewController.h */ = {isa = PBXFileReference; lastKnownFileType = sourcecode.c.h; path = CollectionsMasterViewController.h; sourceTree = "<group>"; };
		2CB5F2D91837371F0069A2D2 /* CollectionsMasterViewController.m */ = {isa = PBXFileReference; lastKnownFileType = sourcecode.c.objc; path = CollectionsMasterViewController.m; sourceTree = "<group>"; };
		2CB5F2DB1837371F0069A2D2 /* CollectionsDetailViewController.h */ = {isa = PBXFileReference; lastKnownFileType = sourcecode.c.h; path = CollectionsDetailViewController.h; sourceTree = "<group>"; };
		2CB5F2DC1837371F0069A2D2 /* CollectionsDetailViewController.m */ = {isa = PBXFileReference; lastKnownFileType = sourcecode.c.objc; path = CollectionsDetailViewController.m; sourceTree = "<group>"; };
		2CB5F2DE1837371F0069A2D2 /* Images.xcassets */ = {isa = PBXFileReference; lastKnownFileType = folder.assetcatalog; path = Images.xcassets; sourceTree = "<group>"; };
		2CB5F2E41837371F0069A2D2 /* CollectionsTests.xctest */ = {isa = PBXFileReference; explicitFileType = wrapper.cfbundle; includeInIndex = 0; path = CollectionsTests.xctest; sourceTree = BUILT_PRODUCTS_DIR; };
		2CB5F2E51837371F0069A2D2 /* XCTest.framework */ = {isa = PBXFileReference; lastKnownFileType = wrapper.framework; name = XCTest.framework; path = Library/Frameworks/XCTest.framework; sourceTree = DEVELOPER_DIR; };
		2CB5F2ED1837371F0069A2D2 /* CollectionsTests-Info.plist */ = {isa = PBXFileReference; lastKnownFileType = text.plist.xml; path = "CollectionsTests-Info.plist"; sourceTree = "<group>"; };
		2CB5F2EF1837371F0069A2D2 /* en */ = {isa = PBXFileReference; lastKnownFileType = text.plist.strings; name = en; path = en.lproj/InfoPlist.strings; sourceTree = "<group>"; };
		2CB5F2F11837371F0069A2D2 /* CollectionsTests.m */ = {isa = PBXFileReference; lastKnownFileType = sourcecode.c.objc; path = CollectionsTests.m; sourceTree = "<group>"; };
		2F187591B1D240ECA8709BC3 /* libPods.a */ = {isa = PBXFileReference; explicitFileType = archive.ar; includeInIndex = 0; path = libPods.a; sourceTree = BUILT_PRODUCTS_DIR; };
		421941EAF7634AE3A1A0B70F /* Pods.xcconfig */ = {isa = PBXFileReference; includeInIndex = 1; lastKnownFileType = text.xcconfig; name = Pods.xcconfig; path = Pods/Pods.xcconfig; sourceTree = "<group>"; };
/* End PBXFileReference section */

/* Begin PBXFrameworksBuildPhase section */
		2CB5F2BD1837371E0069A2D2 /* Frameworks */ = {
			isa = PBXFrameworksBuildPhase;
			buildActionMask = 2147483647;
			files = (
				2CB5F2C61837371F0069A2D2 /* CoreGraphics.framework in Frameworks */,
				2CB5F2C81837371F0069A2D2 /* UIKit.framework in Frameworks */,
				2CB5F2C41837371E0069A2D2 /* Foundation.framework in Frameworks */,
				C81F4EC2F2ED40A3AADF9256 /* libPods.a in Frameworks */,
			);
			runOnlyForDeploymentPostprocessing = 0;
		};
		2CB5F2E11837371F0069A2D2 /* Frameworks */ = {
			isa = PBXFrameworksBuildPhase;
			buildActionMask = 2147483647;
			files = (
				2CB5F2E61837371F0069A2D2 /* XCTest.framework in Frameworks */,
				2CB5F2E81837371F0069A2D2 /* UIKit.framework in Frameworks */,
				2CB5F2E71837371F0069A2D2 /* Foundation.framework in Frameworks */,
			);
			runOnlyForDeploymentPostprocessing = 0;
		};
/* End PBXFrameworksBuildPhase section */

/* Begin PBXGroup section */
		2CB5F2B71837371E0069A2D2 = {
			isa = PBXGroup;
			children = (
				2CB5F2C91837371F0069A2D2 /* Collections */,
				2CB5F2EB1837371F0069A2D2 /* CollectionsTests */,
				2CB5F2C21837371E0069A2D2 /* Frameworks */,
				2CB5F2C11837371E0069A2D2 /* Products */,
				421941EAF7634AE3A1A0B70F /* Pods.xcconfig */,
			);
			sourceTree = "<group>";
		};
		2CB5F2C11837371E0069A2D2 /* Products */ = {
			isa = PBXGroup;
			children = (
				2CB5F2C01837371E0069A2D2 /* Collections.app */,
				2CB5F2E41837371F0069A2D2 /* CollectionsTests.xctest */,
			);
			name = Products;
			sourceTree = "<group>";
		};
		2CB5F2C21837371E0069A2D2 /* Frameworks */ = {
			isa = PBXGroup;
			children = (
				2CB5F2C31837371E0069A2D2 /* Foundation.framework */,
				2CB5F2C51837371F0069A2D2 /* CoreGraphics.framework */,
				2CB5F2C71837371F0069A2D2 /* UIKit.framework */,
				2CB5F2E51837371F0069A2D2 /* XCTest.framework */,
				2F187591B1D240ECA8709BC3 /* libPods.a */,
			);
			name = Frameworks;
			sourceTree = "<group>";
		};
		2CB5F2C91837371F0069A2D2 /* Collections */ = {
			isa = PBXGroup;
			children = (
				2C727A80184178270022D827 /* CollectionItem.m */,
				2C727A7F184178270022D827 /* CollectionItem.h */,
				2CB5F2D21837371F0069A2D2 /* CollectionsAppDelegate.h */,
				2CB5F2D31837371F0069A2D2 /* CollectionsAppDelegate.m */,
				2CB5F2D51837371F0069A2D2 /* Main.storyboard */,
				2CB5F2D81837371F0069A2D2 /* CollectionsMasterViewController.h */,
				2CB5F2D91837371F0069A2D2 /* CollectionsMasterViewController.m */,
				2CB5F2DB1837371F0069A2D2 /* CollectionsDetailViewController.h */,
				2CB5F2DC1837371F0069A2D2 /* CollectionsDetailViewController.m */,
				2CB5F2DE1837371F0069A2D2 /* Images.xcassets */,
				2CB5F2CA1837371F0069A2D2 /* Supporting Files */,
				2C1A2DA1183AA07F00172B46 /* Movie.h */,
				2C1A2DA2183AA07F00172B46 /* Movie.m */,
				2C727A8218417CA70022D827 /* Brain.h */,
				2C727A8318417CA70022D827 /* Brain.m */,
				2C727A88184194890022D827 /* CollectionsListViewController.h */,
				2C727A89184194890022D827 /* CollectionsListViewController.m */,
				2C09977F184465E000E6C045 /* CollectionsViewController.h */,
				2C099780184465E000E6C045 /* CollectionsViewController.m */,
				2C099782184478F000E6C045 /* CollectionCell.h */,
				2C099783184478F000E6C045 /* CollectionCell.m */,
				2C583BE31845640300748D7F /* reusableView.h */,
				2C583BE41845640300748D7F /* reusableView.m */,
				2C32ADDE185162DA00698205 /* DetailForCollectionsViewController.h */,
				2C32ADDF185162DA00698205 /* DetailForCollectionsViewController.m */,
			);
			path = Collections;
			sourceTree = "<group>";
		};
		2CB5F2CA1837371F0069A2D2 /* Supporting Files */ = {
			isa = PBXGroup;
			children = (
				2CB5F2CB1837371F0069A2D2 /* Collections-Info.plist */,
				2CB5F2CC1837371F0069A2D2 /* InfoPlist.strings */,
				2CB5F2CF1837371F0069A2D2 /* main.m */,
				2CB5F2D11837371F0069A2D2 /* Collections-Prefix.pch */,
			);
			name = "Supporting Files";
			sourceTree = "<group>";
		};
		2CB5F2EB1837371F0069A2D2 /* CollectionsTests */ = {
			isa = PBXGroup;
			children = (
				2CB5F2F11837371F0069A2D2 /* CollectionsTests.m */,
				2CB5F2EC1837371F0069A2D2 /* Supporting Files */,
			);
			path = CollectionsTests;
			sourceTree = "<group>";
		};
		2CB5F2EC1837371F0069A2D2 /* Supporting Files */ = {
			isa = PBXGroup;
			children = (
				2CB5F2ED1837371F0069A2D2 /* CollectionsTests-Info.plist */,
				2CB5F2EE1837371F0069A2D2 /* InfoPlist.strings */,
			);
			name = "Supporting Files";
			sourceTree = "<group>";
		};
/* End PBXGroup section */

/* Begin PBXNativeTarget section */
		2CB5F2BF1837371E0069A2D2 /* Collections */ = {
			isa = PBXNativeTarget;
			buildConfigurationList = 2CB5F2F51837371F0069A2D2 /* Build configuration list for PBXNativeTarget "Collections" */;
			buildPhases = (
				4D910144B3AE4981BAC4A370 /* Check Pods Manifest.lock */,
				2CB5F2BC1837371E0069A2D2 /* Sources */,
				2CB5F2BD1837371E0069A2D2 /* Frameworks */,
				2CB5F2BE1837371E0069A2D2 /* Resources */,
				4896B14759A64A42AA594D95 /* Copy Pods Resources */,
			);
			buildRules = (
			);
			dependencies = (
			);
			name = Collections;
			productName = Collections;
			productReference = 2CB5F2C01837371E0069A2D2 /* Collections.app */;
			productType = "com.apple.product-type.application";
		};
		2CB5F2E31837371F0069A2D2 /* CollectionsTests */ = {
			isa = PBXNativeTarget;
			buildConfigurationList = 2CB5F2F81837371F0069A2D2 /* Build configuration list for PBXNativeTarget "CollectionsTests" */;
			buildPhases = (
				2CB5F2E01837371F0069A2D2 /* Sources */,
				2CB5F2E11837371F0069A2D2 /* Frameworks */,
				2CB5F2E21837371F0069A2D2 /* Resources */,
			);
			buildRules = (
			);
			dependencies = (
				2CB5F2EA1837371F0069A2D2 /* PBXTargetDependency */,
			);
			name = CollectionsTests;
			productName = CollectionsTests;
			productReference = 2CB5F2E41837371F0069A2D2 /* CollectionsTests.xctest */;
			productType = "com.apple.product-type.bundle.unit-test";
		};
/* End PBXNativeTarget section */

/* Begin PBXProject section */
		2CB5F2B81837371E0069A2D2 /* Project object */ = {
			isa = PBXProject;
			attributes = {
				CLASSPREFIX = Collections;
				LastUpgradeCheck = 0500;
				ORGANIZATIONNAME = "Jesse Nelson";
				TargetAttributes = {
					2CB5F2E31837371F0069A2D2 = {
						TestTargetID = 2CB5F2BF1837371E0069A2D2;
					};
				};
			};
			buildConfigurationList = 2CB5F2BB1837371E0069A2D2 /* Build configuration list for PBXProject "Collections" */;
			compatibilityVersion = "Xcode 3.2";
			developmentRegion = English;
			hasScannedForEncodings = 0;
			knownRegions = (
				en,
				Base,
			);
			mainGroup = 2CB5F2B71837371E0069A2D2;
			productRefGroup = 2CB5F2C11837371E0069A2D2 /* Products */;
			projectDirPath = "";
			projectRoot = "";
			targets = (
				2CB5F2BF1837371E0069A2D2 /* Collections */,
				2CB5F2E31837371F0069A2D2 /* CollectionsTests */,
			);
		};
/* End PBXProject section */

/* Begin PBXResourcesBuildPhase section */
		2CB5F2BE1837371E0069A2D2 /* Resources */ = {
			isa = PBXResourcesBuildPhase;
			buildActionMask = 2147483647;
			files = (
				2CB5F2DF1837371F0069A2D2 /* Images.xcassets in Resources */,
				2CB5F2CE1837371F0069A2D2 /* InfoPlist.strings in Resources */,
				2CB5F2D71837371F0069A2D2 /* Main.storyboard in Resources */,
			);
			runOnlyForDeploymentPostprocessing = 0;
		};
		2CB5F2E21837371F0069A2D2 /* Resources */ = {
			isa = PBXResourcesBuildPhase;
			buildActionMask = 2147483647;
			files = (
				2CB5F2F01837371F0069A2D2 /* InfoPlist.strings in Resources */,
			);
			runOnlyForDeploymentPostprocessing = 0;
		};
/* End PBXResourcesBuildPhase section */

/* Begin PBXShellScriptBuildPhase section */
		4896B14759A64A42AA594D95 /* Copy Pods Resources */ = {
			isa = PBXShellScriptBuildPhase;
			buildActionMask = 2147483647;
			files = (
			);
			inputPaths = (
			);
			name = "Copy Pods Resources";
			outputPaths = (
			);
			runOnlyForDeploymentPostprocessing = 0;
			shellPath = /bin/sh;
			shellScript = "\"${SRCROOT}/Pods/Pods-resources.sh\"\n";
			showEnvVarsInLog = 0;
		};
		4D910144B3AE4981BAC4A370 /* Check Pods Manifest.lock */ = {
			isa = PBXShellScriptBuildPhase;
			buildActionMask = 2147483647;
			files = (
			);
			inputPaths = (
			);
			name = "Check Pods Manifest.lock";
			outputPaths = (
			);
			runOnlyForDeploymentPostprocessing = 0;
			shellPath = /bin/sh;
			shellScript = "diff \"${PODS_ROOT}/../Podfile.lock\" \"${PODS_ROOT}/Manifest.lock\" > /dev/null\nif [[ $? != 0 ]] ; then\n    cat << EOM\nerror: The sandbox is not in sync with the Podfile.lock. Run 'pod install' or update your CocoaPods installation.\nEOM\n    exit 1\nfi\n";
			showEnvVarsInLog = 0;
		};
/* End PBXShellScriptBuildPhase section */

/* Begin PBXSourcesBuildPhase section */
		2CB5F2BC1837371E0069A2D2 /* Sources */ = {
			isa = PBXSourcesBuildPhase;
			buildActionMask = 2147483647;
			files = (
				2CB5F2D41837371F0069A2D2 /* CollectionsAppDelegate.m in Sources */,
				2C099784184478F000E6C045 /* CollectionCell.m in Sources */,
				2CB5F2DA1837371F0069A2D2 /* CollectionsMasterViewController.m in Sources */,
				2C32ADE0185162DA00698205 /* DetailForCollectionsViewController.m in Sources */,
				2C1A2DA3183AA07F00172B46 /* Movie.m in Sources */,
				2C099781184465E000E6C045 /* CollectionsViewController.m in Sources */,
				2CB5F2D01837371F0069A2D2 /* main.m in Sources */,
				2C583BE51845640300748D7F /* reusableView.m in Sources */,
				2C727A8A184194890022D827 /* CollectionsListViewController.m in Sources */,
				2CB5F2DD1837371F0069A2D2 /* CollectionsDetailViewController.m in Sources */,
				2C727A81184178270022D827 /* CollectionItem.m in Sources */,
				2C727A8418417CA70022D827 /* Brain.m in Sources */,
			);
			runOnlyForDeploymentPostprocessing = 0;
		};
		2CB5F2E01837371F0069A2D2 /* Sources */ = {
			isa = PBXSourcesBuildPhase;
			buildActionMask = 2147483647;
			files = (
				2CB5F2F21837371F0069A2D2 /* CollectionsTests.m in Sources */,
			);
			runOnlyForDeploymentPostprocessing = 0;
		};
/* End PBXSourcesBuildPhase section */

/* Begin PBXTargetDependency section */
		2CB5F2EA1837371F0069A2D2 /* PBXTargetDependency */ = {
			isa = PBXTargetDependency;
			target = 2CB5F2BF1837371E0069A2D2 /* Collections */;
			targetProxy = 2CB5F2E91837371F0069A2D2 /* PBXContainerItemProxy */;
		};
/* End PBXTargetDependency section */

/* Begin PBXVariantGroup section */
		2CB5F2CC1837371F0069A2D2 /* InfoPlist.strings */ = {
			isa = PBXVariantGroup;
			children = (
				2CB5F2CD1837371F0069A2D2 /* en */,
			);
			name = InfoPlist.strings;
			sourceTree = "<group>";
		};
		2CB5F2D51837371F0069A2D2 /* Main.storyboard */ = {
			isa = PBXVariantGroup;
			children = (
				2CB5F2D61837371F0069A2D2 /* Base */,
			);
			name = Main.storyboard;
			sourceTree = "<group>";
		};
		2CB5F2EE1837371F0069A2D2 /* InfoPlist.strings */ = {
			isa = PBXVariantGroup;
			children = (
				2CB5F2EF1837371F0069A2D2 /* en */,
			);
			name = InfoPlist.strings;
			sourceTree = "<group>";
		};
/* End PBXVariantGroup section */

/* Begin XCBuildConfiguration section */
		2CB5F2F31837371F0069A2D2 /* Debug */ = {
			isa = XCBuildConfiguration;
			buildSettings = {
				ALWAYS_SEARCH_USER_PATHS = NO;
				ARCHS = "$(ARCHS_STANDARD_INCLUDING_64_BIT)";
				CLANG_CXX_LANGUAGE_STANDARD = "gnu++0x";
				CLANG_CXX_LIBRARY = "libc++";
				CLANG_ENABLE_MODULES = YES;
				CLANG_ENABLE_OBJC_ARC = YES;
				CLANG_WARN_BOOL_CONVERSION = YES;
				CLANG_WARN_CONSTANT_CONVERSION = YES;
				CLANG_WARN_DIRECT_OBJC_ISA_USAGE = YES_ERROR;
				CLANG_WARN_EMPTY_BODY = YES;
				CLANG_WARN_ENUM_CONVERSION = YES;
				CLANG_WARN_INT_CONVERSION = YES;
				CLANG_WARN_OBJC_ROOT_CLASS = YES_ERROR;
				CLANG_WARN__DUPLICATE_METHOD_MATCH = YES;
				"CODE_SIGN_IDENTITY[sdk=iphoneos*]" = "iPhone Developer";
				COPY_PHASE_STRIP = NO;
				GCC_C_LANGUAGE_STANDARD = gnu99;
				GCC_DYNAMIC_NO_PIC = NO;
				GCC_OPTIMIZATION_LEVEL = 0;
				GCC_PREPROCESSOR_DEFINITIONS = (
					"DEBUG=1",
					"$(inherited)",
				);
				GCC_SYMBOLS_PRIVATE_EXTERN = NO;
				GCC_WARN_64_TO_32_BIT_CONVERSION = YES;
				GCC_WARN_ABOUT_RETURN_TYPE = YES_ERROR;
				GCC_WARN_UNDECLARED_SELECTOR = YES;
				GCC_WARN_UNINITIALIZED_AUTOS = YES;
				GCC_WARN_UNUSED_FUNCTION = YES;
				GCC_WARN_UNUSED_VARIABLE = YES;
				IPHONEOS_DEPLOYMENT_TARGET = 7.0;
				ONLY_ACTIVE_ARCH = YES;
				SDKROOT = iphoneos;
			};
			name = Debug;
		};
		2CB5F2F41837371F0069A2D2 /* Release */ = {
			isa = XCBuildConfiguration;
			buildSettings = {
				ALWAYS_SEARCH_USER_PATHS = NO;
				ARCHS = "$(ARCHS_STANDARD_INCLUDING_64_BIT)";
				CLANG_CXX_LANGUAGE_STANDARD = "gnu++0x";
				CLANG_CXX_LIBRARY = "libc++";
				CLANG_ENABLE_MODULES = YES;
				CLANG_ENABLE_OBJC_ARC = YES;
				CLANG_WARN_BOOL_CONVERSION = YES;
				CLANG_WARN_CONSTANT_CONVERSION = YES;
				CLANG_WARN_DIRECT_OBJC_ISA_USAGE = YES_ERROR;
				CLANG_WARN_EMPTY_BODY = YES;
				CLANG_WARN_ENUM_CONVERSION = YES;
				CLANG_WARN_INT_CONVERSION = YES;
				CLANG_WARN_OBJC_ROOT_CLASS = YES_ERROR;
				CLANG_WARN__DUPLICATE_METHOD_MATCH = YES;
				"CODE_SIGN_IDENTITY[sdk=iphoneos*]" = "iPhone Developer";
				COPY_PHASE_STRIP = YES;
				ENABLE_NS_ASSERTIONS = NO;
				GCC_C_LANGUAGE_STANDARD = gnu99;
				GCC_WARN_64_TO_32_BIT_CONVERSION = YES;
				GCC_WARN_ABOUT_RETURN_TYPE = YES_ERROR;
				GCC_WARN_UNDECLARED_SELECTOR = YES;
				GCC_WARN_UNINITIALIZED_AUTOS = YES;
				GCC_WARN_UNUSED_FUNCTION = YES;
				GCC_WARN_UNUSED_VARIABLE = YES;
				IPHONEOS_DEPLOYMENT_TARGET = 7.0;
				SDKROOT = iphoneos;
				VALIDATE_PRODUCT = YES;
			};
			name = Release;
		};
		2CB5F2F61837371F0069A2D2 /* Debug */ = {
			isa = XCBuildConfiguration;
			baseConfigurationReference = 421941EAF7634AE3A1A0B70F /* Pods.xcconfig */;
			buildSettings = {
				ASSETCATALOG_COMPILER_APPICON_NAME = AppIcon;
				ASSETCATALOG_COMPILER_LAUNCHIMAGE_NAME = LaunchImage;
				GCC_PRECOMPILE_PREFIX_HEADER = YES;
				GCC_PREFIX_HEADER = "Collections/Collections-Prefix.pch";
				INFOPLIST_FILE = "Collections/Collections-Info.plist";
				LIBRARY_SEARCH_PATHS = (
					"$(inherited)",
					"$(SDKROOT)/usr/lib/system",
				);
				PRODUCT_NAME = "$(TARGET_NAME)";
				WRAPPER_EXTENSION = app;
			};
			name = Debug;
		};
		2CB5F2F71837371F0069A2D2 /* Release */ = {
			isa = XCBuildConfiguration;
			baseConfigurationReference = 421941EAF7634AE3A1A0B70F /* Pods.xcconfig */;
			buildSettings = {
				ASSETCATALOG_COMPILER_APPICON_NAME = AppIcon;
				ASSETCATALOG_COMPILER_LAUNCHIMAGE_NAME = LaunchImage;
				GCC_PRECOMPILE_PREFIX_HEADER = YES;
				GCC_PREFIX_HEADER = "Collections/Collections-Prefix.pch";
				INFOPLIST_FILE = "Collections/Collections-Info.plist";
				LIBRARY_SEARCH_PATHS = (
					"$(inherited)",
					"$(SDKROOT)/usr/lib/system",
				);
				PRODUCT_NAME = "$(TARGET_NAME)";
				WRAPPER_EXTENSION = app;
			};
			name = Release;
		};
		2CB5F2F91837371F0069A2D2 /* Debug */ = {
			isa = XCBuildConfiguration;
			buildSettings = {
				ARCHS = "$(ARCHS_STANDARD_INCLUDING_64_BIT)";
				BUNDLE_LOADER = "$(BUILT_PRODUCTS_DIR)/Collections.app/Collections";
				FRAMEWORK_SEARCH_PATHS = (
					"$(SDKROOT)/Developer/Library/Frameworks",
					"$(inherited)",
					"$(DEVELOPER_FRAMEWORKS_DIR)",
				);
				GCC_PRECOMPILE_PREFIX_HEADER = YES;
				GCC_PREFIX_HEADER = "Collections/Collections-Prefix.pch";
				GCC_PREPROCESSOR_DEFINITIONS = (
					"DEBUG=1",
					"$(inherited)",
				);
				INFOPLIST_FILE = "CollectionsTests/CollectionsTests-Info.plist";
				PRODUCT_NAME = "$(TARGET_NAME)";
				TEST_HOST = "$(BUNDLE_LOADER)";
				WRAPPER_EXTENSION = xctest;
			};
			name = Debug;
		};
		2CB5F2FA1837371F0069A2D2 /* Release */ = {
			isa = XCBuildConfiguration;
			buildSettings = {
				ARCHS = "$(ARCHS_STANDARD_INCLUDING_64_BIT)";
				BUNDLE_LOADER = "$(BUILT_PRODUCTS_DIR)/Collections.app/Collections";
				FRAMEWORK_SEARCH_PATHS = (
					"$(SDKROOT)/Developer/Library/Frameworks",
					"$(inherited)",
					"$(DEVELOPER_FRAMEWORKS_DIR)",
				);
				GCC_PRECOMPILE_PREFIX_HEADER = YES;
				GCC_PREFIX_HEADER = "Collections/Collections-Prefix.pch";
				INFOPLIST_FILE = "CollectionsTests/CollectionsTests-Info.plist";
				PRODUCT_NAME = "$(TARGET_NAME)";
				TEST_HOST = "$(BUNDLE_LOADER)";
				WRAPPER_EXTENSION = xctest;
			};
			name = Release;
		};
/* End XCBuildConfiguration section */

/* Begin XCConfigurationList section */
		2CB5F2BB1837371E0069A2D2 /* Build configuration list for PBXProject "Collections" */ = {
			isa = XCConfigurationList;
			buildConfigurations = (
				2CB5F2F31837371F0069A2D2 /* Debug */,
				2CB5F2F41837371F0069A2D2 /* Release */,
			);
			defaultConfigurationIsVisible = 0;
			defaultConfigurationName = Release;
		};
		2CB5F2F51837371F0069A2D2 /* Build configuration list for PBXNativeTarget "Collections" */ = {
			isa = XCConfigurationList;
			buildConfigurations = (
				2CB5F2F61837371F0069A2D2 /* Debug */,
				2CB5F2F71837371F0069A2D2 /* Release */,
			);
			defaultConfigurationIsVisible = 0;
			defaultConfigurationName = Release;
		};
		2CB5F2F81837371F0069A2D2 /* Build configuration list for PBXNativeTarget "CollectionsTests" */ = {
			isa = XCConfigurationList;
			buildConfigurations = (
				2CB5F2F91837371F0069A2D2 /* Debug */,
				2CB5F2FA1837371F0069A2D2 /* Release */,
			);
			defaultConfigurationIsVisible = 0;
			defaultConfigurationName = Release;
		};
/* End XCConfigurationList section */
	};
	rootObject = 2CB5F2B81837371E0069A2D2 /* Project object */;
}
