// !$*UTF8*$!
{
	archiveVersion = 1;
	classes = {
	};
	objectVersion = 46;
	objects = {

/* Begin PBXBuildFile section */
		2C163782180FA1440028E39A /* Foundation.framework in Frameworks */ = {isa = PBXBuildFile; fileRef = 2C163781180FA1440028E39A /* Foundation.framework */; };
		2C163784180FA1440028E39A /* CoreGraphics.framework in Frameworks */ = {isa = PBXBuildFile; fileRef = 2C163783180FA1440028E39A /* CoreGraphics.framework */; };
		2C163786180FA1440028E39A /* UIKit.framework in Frameworks */ = {isa = PBXBuildFile; fileRef = 2C163785180FA1440028E39A /* UIKit.framework */; };
		2C16378C180FA1440028E39A /* InfoPlist.strings in Resources */ = {isa = PBXBuildFile; fileRef = 2C16378A180FA1440028E39A /* InfoPlist.strings */; };
		2C16378E180FA1440028E39A /* main.m in Sources */ = {isa = PBXBuildFile; fileRef = 2C16378D180FA1440028E39A /* main.m */; };
		2C163792180FA1440028E39A /* BestRouteAppDelegate.m in Sources */ = {isa = PBXBuildFile; fileRef = 2C163791180FA1440028E39A /* BestRouteAppDelegate.m */; };
		2C163795180FA1440028E39A /* Main.storyboard in Resources */ = {isa = PBXBuildFile; fileRef = 2C163793180FA1440028E39A /* Main.storyboard */; };
		2C163798180FA1440028E39A /* BestRouteViewController.m in Sources */ = {isa = PBXBuildFile; fileRef = 2C163797180FA1440028E39A /* BestRouteViewController.m */; };
		2C16379A180FA1440028E39A /* Images.xcassets in Resources */ = {isa = PBXBuildFile; fileRef = 2C163799180FA1440028E39A /* Images.xcassets */; };
		2C1637A1180FA1440028E39A /* XCTest.framework in Frameworks */ = {isa = PBXBuildFile; fileRef = 2C1637A0180FA1440028E39A /* XCTest.framework */; };
		2C1637A2180FA1440028E39A /* Foundation.framework in Frameworks */ = {isa = PBXBuildFile; fileRef = 2C163781180FA1440028E39A /* Foundation.framework */; };
		2C1637A3180FA1440028E39A /* UIKit.framework in Frameworks */ = {isa = PBXBuildFile; fileRef = 2C163785180FA1440028E39A /* UIKit.framework */; };
		2C1637AB180FA1440028E39A /* InfoPlist.strings in Resources */ = {isa = PBXBuildFile; fileRef = 2C1637A9180FA1440028E39A /* InfoPlist.strings */; };
		2C1637AD180FA1440028E39A /* BestRouteTests.m in Sources */ = {isa = PBXBuildFile; fileRef = 2C1637AC180FA1440028E39A /* BestRouteTests.m */; };
		2C915F201810AFFF007BD4C9 /* BestRouteBrain.m in Sources */ = {isa = PBXBuildFile; fileRef = 2C915F1F1810AFFF007BD4C9 /* BestRouteBrain.m */; };
		2C915F231810B06F007BD4C9 /* BestRouteTrip.m in Sources */ = {isa = PBXBuildFile; fileRef = 2C915F221810B06F007BD4C9 /* BestRouteTrip.m */; };
		2C915F261810B108007BD4C9 /* Route.m in Sources */ = {isa = PBXBuildFile; fileRef = 2C915F251810B108007BD4C9 /* Route.m */; };
		2C915F291810B13A007BD4C9 /* BestRouteSegment.m in Sources */ = {isa = PBXBuildFile; fileRef = 2C915F281810B13A007BD4C9 /* BestRouteSegment.m */; };
		2C915F2C1810B271007BD4C9 /* BestRouteTimer.m in Sources */ = {isa = PBXBuildFile; fileRef = 2C915F2B1810B271007BD4C9 /* BestRouteTimer.m */; };
/* End PBXBuildFile section */

/* Begin PBXContainerItemProxy section */
		2C1637A4180FA1440028E39A /* PBXContainerItemProxy */ = {
			isa = PBXContainerItemProxy;
			containerPortal = 2C163776180FA1440028E39A /* Project object */;
			proxyType = 1;
			remoteGlobalIDString = 2C16377D180FA1440028E39A;
			remoteInfo = BestRoute;
		};
/* End PBXContainerItemProxy section */

/* Begin PBXFileReference section */
		2C16377E180FA1440028E39A /* BestRoute.app */ = {isa = PBXFileReference; explicitFileType = wrapper.application; includeInIndex = 0; path = BestRoute.app; sourceTree = BUILT_PRODUCTS_DIR; };
		2C163781180FA1440028E39A /* Foundation.framework */ = {isa = PBXFileReference; lastKnownFileType = wrapper.framework; name = Foundation.framework; path = System/Library/Frameworks/Foundation.framework; sourceTree = SDKROOT; };
		2C163783180FA1440028E39A /* CoreGraphics.framework */ = {isa = PBXFileReference; lastKnownFileType = wrapper.framework; name = CoreGraphics.framework; path = System/Library/Frameworks/CoreGraphics.framework; sourceTree = SDKROOT; };
		2C163785180FA1440028E39A /* UIKit.framework */ = {isa = PBXFileReference; lastKnownFileType = wrapper.framework; name = UIKit.framework; path = System/Library/Frameworks/UIKit.framework; sourceTree = SDKROOT; };
		2C163789180FA1440028E39A /* BestRoute-Info.plist */ = {isa = PBXFileReference; lastKnownFileType = text.plist.xml; path = "BestRoute-Info.plist"; sourceTree = "<group>"; };
		2C16378B180FA1440028E39A /* en */ = {isa = PBXFileReference; lastKnownFileType = text.plist.strings; name = en; path = en.lproj/InfoPlist.strings; sourceTree = "<group>"; };
		2C16378D180FA1440028E39A /* main.m */ = {isa = PBXFileReference; lastKnownFileType = sourcecode.c.objc; path = main.m; sourceTree = "<group>"; };
		2C16378F180FA1440028E39A /* BestRoute-Prefix.pch */ = {isa = PBXFileReference; lastKnownFileType = sourcecode.c.h; path = "BestRoute-Prefix.pch"; sourceTree = "<group>"; };
		2C163790180FA1440028E39A /* BestRouteAppDelegate.h */ = {isa = PBXFileReference; lastKnownFileType = sourcecode.c.h; path = BestRouteAppDelegate.h; sourceTree = "<group>"; };
		2C163791180FA1440028E39A /* BestRouteAppDelegate.m */ = {isa = PBXFileReference; lastKnownFileType = sourcecode.c.objc; path = BestRouteAppDelegate.m; sourceTree = "<group>"; };
		2C163794180FA1440028E39A /* Base */ = {isa = PBXFileReference; lastKnownFileType = file.storyboard; name = Base; path = Base.lproj/Main.storyboard; sourceTree = "<group>"; };
		2C163796180FA1440028E39A /* BestRouteViewController.h */ = {isa = PBXFileReference; lastKnownFileType = sourcecode.c.h; path = BestRouteViewController.h; sourceTree = "<group>"; };
		2C163797180FA1440028E39A /* BestRouteViewController.m */ = {isa = PBXFileReference; lastKnownFileType = sourcecode.c.objc; path = BestRouteViewController.m; sourceTree = "<group>"; };
		2C163799180FA1440028E39A /* Images.xcassets */ = {isa = PBXFileReference; lastKnownFileType = folder.assetcatalog; path = Images.xcassets; sourceTree = "<group>"; };
		2C16379F180FA1440028E39A /* BestRouteTests.xctest */ = {isa = PBXFileReference; explicitFileType = wrapper.cfbundle; includeInIndex = 0; path = BestRouteTests.xctest; sourceTree = BUILT_PRODUCTS_DIR; };
		2C1637A0180FA1440028E39A /* XCTest.framework */ = {isa = PBXFileReference; lastKnownFileType = wrapper.framework; name = XCTest.framework; path = Library/Frameworks/XCTest.framework; sourceTree = DEVELOPER_DIR; };
		2C1637A8180FA1440028E39A /* BestRouteTests-Info.plist */ = {isa = PBXFileReference; lastKnownFileType = text.plist.xml; path = "BestRouteTests-Info.plist"; sourceTree = "<group>"; };
		2C1637AA180FA1440028E39A /* en */ = {isa = PBXFileReference; lastKnownFileType = text.plist.strings; name = en; path = en.lproj/InfoPlist.strings; sourceTree = "<group>"; };
		2C1637AC180FA1440028E39A /* BestRouteTests.m */ = {isa = PBXFileReference; lastKnownFileType = sourcecode.c.objc; path = BestRouteTests.m; sourceTree = "<group>"; };
		2C915F1E1810AFFF007BD4C9 /* BestRouteBrain.h */ = {isa = PBXFileReference; fileEncoding = 4; lastKnownFileType = sourcecode.c.h; path = BestRouteBrain.h; sourceTree = "<group>"; };
		2C915F1F1810AFFF007BD4C9 /* BestRouteBrain.m */ = {isa = PBXFileReference; fileEncoding = 4; lastKnownFileType = sourcecode.c.objc; path = BestRouteBrain.m; sourceTree = "<group>"; };
		2C915F211810B06F007BD4C9 /* BestRouteTrip.h */ = {isa = PBXFileReference; fileEncoding = 4; lastKnownFileType = sourcecode.c.h; name = BestRouteTrip.h; path = ../../BestRouteTrip.h; sourceTree = "<group>"; };
		2C915F221810B06F007BD4C9 /* BestRouteTrip.m */ = {isa = PBXFileReference; fileEncoding = 4; lastKnownFileType = sourcecode.c.objc; name = BestRouteTrip.m; path = ../BestRouteTrip.m; sourceTree = "<group>"; };
		2C915F241810B108007BD4C9 /* Route.h */ = {isa = PBXFileReference; fileEncoding = 4; lastKnownFileType = sourcecode.c.h; name = Route.h; path = ../../Route.h; sourceTree = "<group>"; };
		2C915F251810B108007BD4C9 /* Route.m */ = {isa = PBXFileReference; fileEncoding = 4; lastKnownFileType = sourcecode.c.objc; name = Route.m; path = ../Route.m; sourceTree = "<group>"; };
		2C915F271810B13A007BD4C9 /* BestRouteSegment.h */ = {isa = PBXFileReference; fileEncoding = 4; lastKnownFileType = sourcecode.c.h; name = BestRouteSegment.h; path = ../../BestRouteSegment.h; sourceTree = "<group>"; };
		2C915F281810B13A007BD4C9 /* BestRouteSegment.m */ = {isa = PBXFileReference; fileEncoding = 4; lastKnownFileType = sourcecode.c.objc; name = BestRouteSegment.m; path = ../BestRouteSegment.m; sourceTree = "<group>"; };
		2C915F2A1810B271007BD4C9 /* BestRouteTimer.h */ = {isa = PBXFileReference; fileEncoding = 4; lastKnownFileType = sourcecode.c.h; name = BestRouteTimer.h; path = ../../BestRouteTimer.h; sourceTree = "<group>"; };
		2C915F2B1810B271007BD4C9 /* BestRouteTimer.m */ = {isa = PBXFileReference; fileEncoding = 4; lastKnownFileType = sourcecode.c.objc; name = BestRouteTimer.m; path = ../BestRouteTimer.m; sourceTree = "<group>"; };
/* End PBXFileReference section */

/* Begin PBXFrameworksBuildPhase section */
		2C16377B180FA1440028E39A /* Frameworks */ = {
			isa = PBXFrameworksBuildPhase;
			buildActionMask = 2147483647;
			files = (
				2C163784180FA1440028E39A /* CoreGraphics.framework in Frameworks */,
				2C163786180FA1440028E39A /* UIKit.framework in Frameworks */,
				2C163782180FA1440028E39A /* Foundation.framework in Frameworks */,
			);
			runOnlyForDeploymentPostprocessing = 0;
		};
		2C16379C180FA1440028E39A /* Frameworks */ = {
			isa = PBXFrameworksBuildPhase;
			buildActionMask = 2147483647;
			files = (
				2C1637A1180FA1440028E39A /* XCTest.framework in Frameworks */,
				2C1637A3180FA1440028E39A /* UIKit.framework in Frameworks */,
				2C1637A2180FA1440028E39A /* Foundation.framework in Frameworks */,
			);
			runOnlyForDeploymentPostprocessing = 0;
		};
/* End PBXFrameworksBuildPhase section */

/* Begin PBXGroup section */
		2C163775180FA1440028E39A = {
			isa = PBXGroup;
			children = (
				2C163787180FA1440028E39A /* BestRoute */,
				2C1637A6180FA1440028E39A /* BestRouteTests */,
				2C163780180FA1440028E39A /* Frameworks */,
				2C16377F180FA1440028E39A /* Products */,
			);
			sourceTree = "<group>";
		};
		2C16377F180FA1440028E39A /* Products */ = {
			isa = PBXGroup;
			children = (
				2C16377E180FA1440028E39A /* BestRoute.app */,
				2C16379F180FA1440028E39A /* BestRouteTests.xctest */,
			);
			name = Products;
			sourceTree = "<group>";
		};
		2C163780180FA1440028E39A /* Frameworks */ = {
			isa = PBXGroup;
			children = (
				2C163781180FA1440028E39A /* Foundation.framework */,
				2C163783180FA1440028E39A /* CoreGraphics.framework */,
				2C163785180FA1440028E39A /* UIKit.framework */,
				2C1637A0180FA1440028E39A /* XCTest.framework */,
			);
			name = Frameworks;
			sourceTree = "<group>";
		};
		2C163787180FA1440028E39A /* BestRoute */ = {
			isa = PBXGroup;
			children = (
				2C915F1F1810AFFF007BD4C9 /* BestRouteBrain.m */,
				2C915F1E1810AFFF007BD4C9 /* BestRouteBrain.h */,
				2CF9D7261810C45C00A8C689 /* Objects */,
				2C163790180FA1440028E39A /* BestRouteAppDelegate.h */,
				2C163791180FA1440028E39A /* BestRouteAppDelegate.m */,
				2C163793180FA1440028E39A /* Main.storyboard */,
				2C163796180FA1440028E39A /* BestRouteViewController.h */,
				2C163797180FA1440028E39A /* BestRouteViewController.m */,
				2C163799180FA1440028E39A /* Images.xcassets */,
				2C163788180FA1440028E39A /* Supporting Files */,
			);
			path = BestRoute;
			sourceTree = "<group>";
		};
		2C163788180FA1440028E39A /* Supporting Files */ = {
			isa = PBXGroup;
			children = (
				2C163789180FA1440028E39A /* BestRoute-Info.plist */,
				2C16378A180FA1440028E39A /* InfoPlist.strings */,
				2C16378D180FA1440028E39A /* main.m */,
				2C16378F180FA1440028E39A /* BestRoute-Prefix.pch */,
			);
			name = "Supporting Files";
			sourceTree = "<group>";
		};
		2C1637A6180FA1440028E39A /* BestRouteTests */ = {
			isa = PBXGroup;
			children = (
				2C1637AC180FA1440028E39A /* BestRouteTests.m */,
				2C1637A7180FA1440028E39A /* Supporting Files */,
			);
			path = BestRouteTests;
			sourceTree = "<group>";
		};
		2C1637A7180FA1440028E39A /* Supporting Files */ = {
			isa = PBXGroup;
			children = (
				2C1637A8180FA1440028E39A /* BestRouteTests-Info.plist */,
				2C1637A9180FA1440028E39A /* InfoPlist.strings */,
			);
			name = "Supporting Files";
			sourceTree = "<group>";
		};
		2CF9D7261810C45C00A8C689 /* Objects */ = {
			isa = PBXGroup;
			children = (
				2CF9D7271810C4DB00A8C689 /* Headers */,
				2C915F2B1810B271007BD4C9 /* BestRouteTimer.m */,
				2C915F221810B06F007BD4C9 /* BestRouteTrip.m */,
				2C915F281810B13A007BD4C9 /* BestRouteSegment.m */,
				2C915F251810B108007BD4C9 /* Route.m */,
			);
			path = Objects;
			sourceTree = "<group>";
		};
		2CF9D7271810C4DB00A8C689 /* Headers */ = {
			isa = PBXGroup;
			children = (
				2C915F241810B108007BD4C9 /* Route.h */,
				2C915F211810B06F007BD4C9 /* BestRouteTrip.h */,
				2C915F2A1810B271007BD4C9 /* BestRouteTimer.h */,
				2C915F271810B13A007BD4C9 /* BestRouteSegment.h */,
			);
			path = Headers;
			sourceTree = "<group>";
		};
/* End PBXGroup section */

/* Begin PBXNativeTarget section */
		2C16377D180FA1440028E39A /* BestRoute */ = {
			isa = PBXNativeTarget;
			buildConfigurationList = 2C1637B0180FA1440028E39A /* Build configuration list for PBXNativeTarget "BestRoute" */;
			buildPhases = (
				2C16377A180FA1440028E39A /* Sources */,
				2C16377B180FA1440028E39A /* Frameworks */,
				2C16377C180FA1440028E39A /* Resources */,
			);
			buildRules = (
			);
			dependencies = (
			);
			name = BestRoute;
			productName = BestRoute;
			productReference = 2C16377E180FA1440028E39A /* BestRoute.app */;
			productType = "com.apple.product-type.application";
		};
		2C16379E180FA1440028E39A /* BestRouteTests */ = {
			isa = PBXNativeTarget;
			buildConfigurationList = 2C1637B3180FA1440028E39A /* Build configuration list for PBXNativeTarget "BestRouteTests" */;
			buildPhases = (
				2C16379B180FA1440028E39A /* Sources */,
				2C16379C180FA1440028E39A /* Frameworks */,
				2C16379D180FA1440028E39A /* Resources */,
			);
			buildRules = (
			);
			dependencies = (
				2C1637A5180FA1440028E39A /* PBXTargetDependency */,
			);
			name = BestRouteTests;
			productName = BestRouteTests;
			productReference = 2C16379F180FA1440028E39A /* BestRouteTests.xctest */;
			productType = "com.apple.product-type.bundle.unit-test";
		};
/* End PBXNativeTarget section */

/* Begin PBXProject section */
		2C163776180FA1440028E39A /* Project object */ = {
			isa = PBXProject;
			attributes = {
				CLASSPREFIX = BestRoute;
				LastUpgradeCheck = 0500;
				ORGANIZATIONNAME = "Jesse Nelson";
				TargetAttributes = {
					2C16379E180FA1440028E39A = {
						TestTargetID = 2C16377D180FA1440028E39A;
					};
				};
			};
			buildConfigurationList = 2C163779180FA1440028E39A /* Build configuration list for PBXProject "BestRoute" */;
			compatibilityVersion = "Xcode 3.2";
			developmentRegion = English;
			hasScannedForEncodings = 0;
			knownRegions = (
				en,
				Base,
			);
			mainGroup = 2C163775180FA1440028E39A;
			productRefGroup = 2C16377F180FA1440028E39A /* Products */;
			projectDirPath = "";
			projectRoot = "";
			targets = (
				2C16377D180FA1440028E39A /* BestRoute */,
				2C16379E180FA1440028E39A /* BestRouteTests */,
			);
		};
/* End PBXProject section */

/* Begin PBXResourcesBuildPhase section */
		2C16377C180FA1440028E39A /* Resources */ = {
			isa = PBXResourcesBuildPhase;
			buildActionMask = 2147483647;
			files = (
				2C16379A180FA1440028E39A /* Images.xcassets in Resources */,
				2C16378C180FA1440028E39A /* InfoPlist.strings in Resources */,
				2C163795180FA1440028E39A /* Main.storyboard in Resources */,
			);
			runOnlyForDeploymentPostprocessing = 0;
		};
		2C16379D180FA1440028E39A /* Resources */ = {
			isa = PBXResourcesBuildPhase;
			buildActionMask = 2147483647;
			files = (
				2C1637AB180FA1440028E39A /* InfoPlist.strings in Resources */,
			);
			runOnlyForDeploymentPostprocessing = 0;
		};
/* End PBXResourcesBuildPhase section */

/* Begin PBXSourcesBuildPhase section */
		2C16377A180FA1440028E39A /* Sources */ = {
			isa = PBXSourcesBuildPhase;
			buildActionMask = 2147483647;
			files = (
				2C915F201810AFFF007BD4C9 /* BestRouteBrain.m in Sources */,
				2C915F2C1810B271007BD4C9 /* BestRouteTimer.m in Sources */,
				2C163798180FA1440028E39A /* BestRouteViewController.m in Sources */,
				2C163792180FA1440028E39A /* BestRouteAppDelegate.m in Sources */,
				2C915F261810B108007BD4C9 /* Route.m in Sources */,
				2C915F291810B13A007BD4C9 /* BestRouteSegment.m in Sources */,
				2C16378E180FA1440028E39A /* main.m in Sources */,
				2C915F231810B06F007BD4C9 /* BestRouteTrip.m in Sources */,
			);
			runOnlyForDeploymentPostprocessing = 0;
		};
		2C16379B180FA1440028E39A /* Sources */ = {
			isa = PBXSourcesBuildPhase;
			buildActionMask = 2147483647;
			files = (
				2C1637AD180FA1440028E39A /* BestRouteTests.m in Sources */,
			);
			runOnlyForDeploymentPostprocessing = 0;
		};
/* End PBXSourcesBuildPhase section */

/* Begin PBXTargetDependency section */
		2C1637A5180FA1440028E39A /* PBXTargetDependency */ = {
			isa = PBXTargetDependency;
			target = 2C16377D180FA1440028E39A /* BestRoute */;
			targetProxy = 2C1637A4180FA1440028E39A /* PBXContainerItemProxy */;
		};
/* End PBXTargetDependency section */

/* Begin PBXVariantGroup section */
		2C16378A180FA1440028E39A /* InfoPlist.strings */ = {
			isa = PBXVariantGroup;
			children = (
				2C16378B180FA1440028E39A /* en */,
			);
			name = InfoPlist.strings;
			sourceTree = "<group>";
		};
		2C163793180FA1440028E39A /* Main.storyboard */ = {
			isa = PBXVariantGroup;
			children = (
				2C163794180FA1440028E39A /* Base */,
			);
			name = Main.storyboard;
			sourceTree = "<group>";
		};
		2C1637A9180FA1440028E39A /* InfoPlist.strings */ = {
			isa = PBXVariantGroup;
			children = (
				2C1637AA180FA1440028E39A /* en */,
			);
			name = InfoPlist.strings;
			sourceTree = "<group>";
		};
/* End PBXVariantGroup section */

/* Begin XCBuildConfiguration section */
		2C1637AE180FA1440028E39A /* Debug */ = {
			isa = XCBuildConfiguration;
			buildSettings = {
				ALWAYS_SEARCH_USER_PATHS = NO;
				ARCHS = "$(ARCHS_STANDARD_INCLUDING_64_BIT)";
				CLANG_CXX_LANGUAGE_STANDARD = "gnu++0x";
				CLANG_CXX_LIBRARY = "libc++";
				CLANG_ENABLE_MODULES = YES;
				CLANG_ENABLE_OBJC_ARC = YES;
				CLANG_WARN_BOOL_CONVERSION = YES;
				CLANG_WARN_CONSTANT_CONVERSION = YES;
				CLANG_WARN_DIRECT_OBJC_ISA_USAGE = YES_ERROR;
				CLANG_WARN_EMPTY_BODY = YES;
				CLANG_WARN_ENUM_CONVERSION = YES;
				CLANG_WARN_INT_CONVERSION = YES;
				CLANG_WARN_OBJC_ROOT_CLASS = YES_ERROR;
				CLANG_WARN__DUPLICATE_METHOD_MATCH = YES;
				"CODE_SIGN_IDENTITY[sdk=iphoneos*]" = "iPhone Developer";
				COPY_PHASE_STRIP = NO;
				GCC_C_LANGUAGE_STANDARD = gnu99;
				GCC_DYNAMIC_NO_PIC = NO;
				GCC_OPTIMIZATION_LEVEL = 0;
				GCC_PREPROCESSOR_DEFINITIONS = (
					"DEBUG=1",
					"$(inherited)",
				);
				GCC_SYMBOLS_PRIVATE_EXTERN = NO;
				GCC_WARN_64_TO_32_BIT_CONVERSION = YES;
				GCC_WARN_ABOUT_RETURN_TYPE = YES_ERROR;
				GCC_WARN_UNDECLARED_SELECTOR = YES;
				GCC_WARN_UNINITIALIZED_AUTOS = YES;
				GCC_WARN_UNUSED_FUNCTION = YES;
				GCC_WARN_UNUSED_VARIABLE = YES;
				IPHONEOS_DEPLOYMENT_TARGET = 7.0;
				ONLY_ACTIVE_ARCH = YES;
				SDKROOT = iphoneos;
			};
			name = Debug;
		};
		2C1637AF180FA1440028E39A /* Release */ = {
			isa = XCBuildConfiguration;
			buildSettings = {
				ALWAYS_SEARCH_USER_PATHS = NO;
				ARCHS = "$(ARCHS_STANDARD_INCLUDING_64_BIT)";
				CLANG_CXX_LANGUAGE_STANDARD = "gnu++0x";
				CLANG_CXX_LIBRARY = "libc++";
				CLANG_ENABLE_MODULES = YES;
				CLANG_ENABLE_OBJC_ARC = YES;
				CLANG_WARN_BOOL_CONVERSION = YES;
				CLANG_WARN_CONSTANT_CONVERSION = YES;
				CLANG_WARN_DIRECT_OBJC_ISA_USAGE = YES_ERROR;
				CLANG_WARN_EMPTY_BODY = YES;
				CLANG_WARN_ENUM_CONVERSION = YES;
				CLANG_WARN_INT_CONVERSION = YES;
				CLANG_WARN_OBJC_ROOT_CLASS = YES_ERROR;
				CLANG_WARN__DUPLICATE_METHOD_MATCH = YES;
				"CODE_SIGN_IDENTITY[sdk=iphoneos*]" = "iPhone Developer";
				COPY_PHASE_STRIP = YES;
				ENABLE_NS_ASSERTIONS = NO;
				GCC_C_LANGUAGE_STANDARD = gnu99;
				GCC_WARN_64_TO_32_BIT_CONVERSION = YES;
				GCC_WARN_ABOUT_RETURN_TYPE = YES_ERROR;
				GCC_WARN_UNDECLARED_SELECTOR = YES;
				GCC_WARN_UNINITIALIZED_AUTOS = YES;
				GCC_WARN_UNUSED_FUNCTION = YES;
				GCC_WARN_UNUSED_VARIABLE = YES;
				IPHONEOS_DEPLOYMENT_TARGET = 7.0;
				SDKROOT = iphoneos;
				VALIDATE_PRODUCT = YES;
			};
			name = Release;
		};
		2C1637B1180FA1440028E39A /* Debug */ = {
			isa = XCBuildConfiguration;
			buildSettings = {
				ASSETCATALOG_COMPILER_APPICON_NAME = AppIcon;
				ASSETCATALOG_COMPILER_LAUNCHIMAGE_NAME = LaunchImage;
				GCC_PRECOMPILE_PREFIX_HEADER = YES;
				GCC_PREFIX_HEADER = "BestRoute/BestRoute-Prefix.pch";
				INFOPLIST_FILE = "BestRoute/BestRoute-Info.plist";
				PRODUCT_NAME = "$(TARGET_NAME)";
				WRAPPER_EXTENSION = app;
			};
			name = Debug;
		};
		2C1637B2180FA1440028E39A /* Release */ = {
			isa = XCBuildConfiguration;
			buildSettings = {
				ASSETCATALOG_COMPILER_APPICON_NAME = AppIcon;
				ASSETCATALOG_COMPILER_LAUNCHIMAGE_NAME = LaunchImage;
				GCC_PRECOMPILE_PREFIX_HEADER = YES;
				GCC_PREFIX_HEADER = "BestRoute/BestRoute-Prefix.pch";
				INFOPLIST_FILE = "BestRoute/BestRoute-Info.plist";
				PRODUCT_NAME = "$(TARGET_NAME)";
				WRAPPER_EXTENSION = app;
			};
			name = Release;
		};
		2C1637B4180FA1440028E39A /* Debug */ = {
			isa = XCBuildConfiguration;
			buildSettings = {
				ARCHS = "$(ARCHS_STANDARD_INCLUDING_64_BIT)";
				BUNDLE_LOADER = "$(BUILT_PRODUCTS_DIR)/BestRoute.app/BestRoute";
				FRAMEWORK_SEARCH_PATHS = (
					"$(SDKROOT)/Developer/Library/Frameworks",
					"$(inherited)",
					"$(DEVELOPER_FRAMEWORKS_DIR)",
				);
				GCC_PRECOMPILE_PREFIX_HEADER = YES;
				GCC_PREFIX_HEADER = "BestRoute/BestRoute-Prefix.pch";
				GCC_PREPROCESSOR_DEFINITIONS = (
					"DEBUG=1",
					"$(inherited)",
				);
				INFOPLIST_FILE = "BestRouteTests/BestRouteTests-Info.plist";
				PRODUCT_NAME = "$(TARGET_NAME)";
				TEST_HOST = "$(BUNDLE_LOADER)";
				WRAPPER_EXTENSION = xctest;
			};
			name = Debug;
		};
		2C1637B5180FA1440028E39A /* Release */ = {
			isa = XCBuildConfiguration;
			buildSettings = {
				ARCHS = "$(ARCHS_STANDARD_INCLUDING_64_BIT)";
				BUNDLE_LOADER = "$(BUILT_PRODUCTS_DIR)/BestRoute.app/BestRoute";
				FRAMEWORK_SEARCH_PATHS = (
					"$(SDKROOT)/Developer/Library/Frameworks",
					"$(inherited)",
					"$(DEVELOPER_FRAMEWORKS_DIR)",
				);
				GCC_PRECOMPILE_PREFIX_HEADER = YES;
				GCC_PREFIX_HEADER = "BestRoute/BestRoute-Prefix.pch";
				INFOPLIST_FILE = "BestRouteTests/BestRouteTests-Info.plist";
				PRODUCT_NAME = "$(TARGET_NAME)";
				TEST_HOST = "$(BUNDLE_LOADER)";
				WRAPPER_EXTENSION = xctest;
			};
			name = Release;
		};
/* End XCBuildConfiguration section */

/* Begin XCConfigurationList section */
		2C163779180FA1440028E39A /* Build configuration list for PBXProject "BestRoute" */ = {
			isa = XCConfigurationList;
			buildConfigurations = (
				2C1637AE180FA1440028E39A /* Debug */,
				2C1637AF180FA1440028E39A /* Release */,
			);
			defaultConfigurationIsVisible = 0;
			defaultConfigurationName = Release;
		};
		2C1637B0180FA1440028E39A /* Build configuration list for PBXNativeTarget "BestRoute" */ = {
			isa = XCConfigurationList;
			buildConfigurations = (
				2C1637B1180FA1440028E39A /* Debug */,
				2C1637B2180FA1440028E39A /* Release */,
			);
			defaultConfigurationIsVisible = 0;
			defaultConfigurationName = Release;
		};
		2C1637B3180FA1440028E39A /* Build configuration list for PBXNativeTarget "BestRouteTests" */ = {
			isa = XCConfigurationList;
			buildConfigurations = (
				2C1637B4180FA1440028E39A /* Debug */,
				2C1637B5180FA1440028E39A /* Release */,
			);
			defaultConfigurationIsVisible = 0;
			defaultConfigurationName = Release;
		};
/* End XCConfigurationList section */
	};
	rootObject = 2C163776180FA1440028E39A /* Project object */;
}
