// !$*UTF8*$!
{
	archiveVersion = 1;
	classes = {
	};
	objectVersion = 46;
	objects = {

/* Begin PBXBuildFile section */
		2C0914C218237501005347C4 /* BestRouteMapViewController.m in Sources */ = {isa = PBXBuildFile; fileRef = 2C0914C118237501005347C4 /* BestRouteMapViewController.m */; };
		2C103A2618233ABE009EC842 /* Foundation.framework in Frameworks */ = {isa = PBXBuildFile; fileRef = 2C103A2518233ABE009EC842 /* Foundation.framework */; };
		2C103A2818233ABE009EC842 /* CoreGraphics.framework in Frameworks */ = {isa = PBXBuildFile; fileRef = 2C103A2718233ABE009EC842 /* CoreGraphics.framework */; };
		2C103A2A18233ABE009EC842 /* UIKit.framework in Frameworks */ = {isa = PBXBuildFile; fileRef = 2C103A2918233ABE009EC842 /* UIKit.framework */; };
		2C103A3018233ABE009EC842 /* InfoPlist.strings in Resources */ = {isa = PBXBuildFile; fileRef = 2C103A2E18233ABE009EC842 /* InfoPlist.strings */; };
		2C103A3218233ABE009EC842 /* main.m in Sources */ = {isa = PBXBuildFile; fileRef = 2C103A3118233ABE009EC842 /* main.m */; };
		2C103A3618233ABE009EC842 /* BestRouteAppDelegate.m in Sources */ = {isa = PBXBuildFile; fileRef = 2C103A3518233ABE009EC842 /* BestRouteAppDelegate.m */; };
		2C103A3918233ABE009EC842 /* Main.storyboard in Resources */ = {isa = PBXBuildFile; fileRef = 2C103A3718233ABE009EC842 /* Main.storyboard */; };
		2C103A3C18233ABE009EC842 /* BestRouteMasterViewController.m in Sources */ = {isa = PBXBuildFile; fileRef = 2C103A3B18233ABE009EC842 /* BestRouteMasterViewController.m */; };
		2C103A3F18233ABE009EC842 /* BestRouteDetailViewController.m in Sources */ = {isa = PBXBuildFile; fileRef = 2C103A3E18233ABE009EC842 /* BestRouteDetailViewController.m */; };
		2C103A4118233ABE009EC842 /* Images.xcassets in Resources */ = {isa = PBXBuildFile; fileRef = 2C103A4018233ABE009EC842 /* Images.xcassets */; };
		2C103A4818233ABE009EC842 /* XCTest.framework in Frameworks */ = {isa = PBXBuildFile; fileRef = 2C103A4718233ABE009EC842 /* XCTest.framework */; };
		2C103A4918233ABE009EC842 /* Foundation.framework in Frameworks */ = {isa = PBXBuildFile; fileRef = 2C103A2518233ABE009EC842 /* Foundation.framework */; };
		2C103A4A18233ABE009EC842 /* UIKit.framework in Frameworks */ = {isa = PBXBuildFile; fileRef = 2C103A2918233ABE009EC842 /* UIKit.framework */; };
		2C103A5218233ABE009EC842 /* InfoPlist.strings in Resources */ = {isa = PBXBuildFile; fileRef = 2C103A5018233ABE009EC842 /* InfoPlist.strings */; };
		2C103A5418233ABE009EC842 /* BestRouteDetailTests.m in Sources */ = {isa = PBXBuildFile; fileRef = 2C103A5318233ABE009EC842 /* BestRouteDetailTests.m */; };
		2C103A6A18233C9B009EC842 /* BestRouteAnnotation.m in Sources */ = {isa = PBXBuildFile; fileRef = 2C103A5F18233C9B009EC842 /* BestRouteAnnotation.m */; };
		2C103A6B18233C9B009EC842 /* BestRouteSegment.m in Sources */ = {isa = PBXBuildFile; fileRef = 2C103A6618233C9B009EC842 /* BestRouteSegment.m */; };
		2C103A6C18233C9B009EC842 /* BestRouteTimer.m in Sources */ = {isa = PBXBuildFile; fileRef = 2C103A6718233C9B009EC842 /* BestRouteTimer.m */; };
		2C103A6D18233C9B009EC842 /* BestRouteTrip.m in Sources */ = {isa = PBXBuildFile; fileRef = 2C103A6818233C9B009EC842 /* BestRouteTrip.m */; };
		2C103A6E18233C9B009EC842 /* Route.m in Sources */ = {isa = PBXBuildFile; fileRef = 2C103A6918233C9B009EC842 /* Route.m */; };
		2C103A7718236D39009EC842 /* BestRouteBrain.m in Sources */ = {isa = PBXBuildFile; fileRef = 2C103A7618236D39009EC842 /* BestRouteBrain.m */; };
		2CAB8A3A18237B0C00C88E92 /* RouteViewController.m in Sources */ = {isa = PBXBuildFile; fileRef = 2CAB8A3918237B0C00C88E92 /* RouteViewController.m */; };
		2CAB8A3D18237C5D00C88E92 /* BestRouteTripViewController.m in Sources */ = {isa = PBXBuildFile; fileRef = 2CAB8A3C18237C5D00C88E92 /* BestRouteTripViewController.m */; };
		2CAB8A83182397B400C88E92 /* MapKit.framework in Frameworks */ = {isa = PBXBuildFile; fileRef = 2CAB8A82182397B400C88E92 /* MapKit.framework */; };
		5C8F094C58DC46E983ED490B /* libPods.a in Frameworks */ = {isa = PBXBuildFile; fileRef = F1D31FD4FB064C98B9D65C80 /* libPods.a */; };
/* End PBXBuildFile section */

/* Begin PBXContainerItemProxy section */
		2C103A4B18233ABE009EC842 /* PBXContainerItemProxy */ = {
			isa = PBXContainerItemProxy;
			containerPortal = 2C103A1A18233ABE009EC842 /* Project object */;
			proxyType = 1;
			remoteGlobalIDString = 2C103A2118233ABE009EC842;
			remoteInfo = BestRouteDetail;
		};
/* End PBXContainerItemProxy section */

/* Begin PBXFileReference section */
		2C0914C018237501005347C4 /* BestRouteMapViewController.h */ = {isa = PBXFileReference; fileEncoding = 4; lastKnownFileType = sourcecode.c.h; name = BestRouteMapViewController.h; path = ../BestRouteMapViewController.h; sourceTree = "<group>"; };
		2C0914C118237501005347C4 /* BestRouteMapViewController.m */ = {isa = PBXFileReference; fileEncoding = 4; lastKnownFileType = sourcecode.c.objc; name = BestRouteMapViewController.m; path = ../BestRouteMapViewController.m; sourceTree = "<group>"; };
		2C103A2218233ABE009EC842 /* BestRouteDetail.app */ = {isa = PBXFileReference; explicitFileType = wrapper.application; includeInIndex = 0; path = BestRouteDetail.app; sourceTree = BUILT_PRODUCTS_DIR; };
		2C103A2518233ABE009EC842 /* Foundation.framework */ = {isa = PBXFileReference; lastKnownFileType = wrapper.framework; name = Foundation.framework; path = System/Library/Frameworks/Foundation.framework; sourceTree = SDKROOT; };
		2C103A2718233ABE009EC842 /* CoreGraphics.framework */ = {isa = PBXFileReference; lastKnownFileType = wrapper.framework; name = CoreGraphics.framework; path = System/Library/Frameworks/CoreGraphics.framework; sourceTree = SDKROOT; };
		2C103A2918233ABE009EC842 /* UIKit.framework */ = {isa = PBXFileReference; lastKnownFileType = wrapper.framework; name = UIKit.framework; path = System/Library/Frameworks/UIKit.framework; sourceTree = SDKROOT; };
		2C103A2D18233ABE009EC842 /* BestRouteDetail-Info.plist */ = {isa = PBXFileReference; lastKnownFileType = text.plist.xml; path = "BestRouteDetail-Info.plist"; sourceTree = "<group>"; };
		2C103A2F18233ABE009EC842 /* en */ = {isa = PBXFileReference; lastKnownFileType = text.plist.strings; name = en; path = en.lproj/InfoPlist.strings; sourceTree = "<group>"; };
		2C103A3118233ABE009EC842 /* main.m */ = {isa = PBXFileReference; lastKnownFileType = sourcecode.c.objc; path = main.m; sourceTree = "<group>"; };
		2C103A3318233ABE009EC842 /* BestRouteDetail-Prefix.pch */ = {isa = PBXFileReference; lastKnownFileType = sourcecode.c.h; path = "BestRouteDetail-Prefix.pch"; sourceTree = "<group>"; };
		2C103A3418233ABE009EC842 /* BestRouteAppDelegate.h */ = {isa = PBXFileReference; lastKnownFileType = sourcecode.c.h; path = BestRouteAppDelegate.h; sourceTree = "<group>"; };
		2C103A3518233ABE009EC842 /* BestRouteAppDelegate.m */ = {isa = PBXFileReference; lastKnownFileType = sourcecode.c.objc; path = BestRouteAppDelegate.m; sourceTree = "<group>"; };
		2C103A3818233ABE009EC842 /* Base */ = {isa = PBXFileReference; lastKnownFileType = file.storyboard; name = Base; path = Base.lproj/Main.storyboard; sourceTree = "<group>"; };
		2C103A3A18233ABE009EC842 /* BestRouteMasterViewController.h */ = {isa = PBXFileReference; lastKnownFileType = sourcecode.c.h; name = BestRouteMasterViewController.h; path = ../../BestRouteDetail/BestRouteMasterViewController.h; sourceTree = "<group>"; };
		2C103A3B18233ABE009EC842 /* BestRouteMasterViewController.m */ = {isa = PBXFileReference; lastKnownFileType = sourcecode.c.objc; name = BestRouteMasterViewController.m; path = ../../BestRouteDetail/BestRouteMasterViewController.m; sourceTree = "<group>"; };
		2C103A3D18233ABE009EC842 /* BestRouteDetailViewController.h */ = {isa = PBXFileReference; lastKnownFileType = sourcecode.c.h; name = BestRouteDetailViewController.h; path = ../../BestRouteDetail/BestRouteDetailViewController.h; sourceTree = "<group>"; };
		2C103A3E18233ABE009EC842 /* BestRouteDetailViewController.m */ = {isa = PBXFileReference; lastKnownFileType = sourcecode.c.objc; name = BestRouteDetailViewController.m; path = ../../BestRouteDetail/BestRouteDetailViewController.m; sourceTree = "<group>"; };
		2C103A4018233ABE009EC842 /* Images.xcassets */ = {isa = PBXFileReference; lastKnownFileType = folder.assetcatalog; path = Images.xcassets; sourceTree = "<group>"; };
		2C103A4618233ABE009EC842 /* BestRouteDetailTests.xctest */ = {isa = PBXFileReference; explicitFileType = wrapper.cfbundle; includeInIndex = 0; path = BestRouteDetailTests.xctest; sourceTree = BUILT_PRODUCTS_DIR; };
		2C103A4718233ABE009EC842 /* XCTest.framework */ = {isa = PBXFileReference; lastKnownFileType = wrapper.framework; name = XCTest.framework; path = Library/Frameworks/XCTest.framework; sourceTree = DEVELOPER_DIR; };
		2C103A4F18233ABE009EC842 /* BestRouteDetailTests-Info.plist */ = {isa = PBXFileReference; lastKnownFileType = text.plist.xml; path = "BestRouteDetailTests-Info.plist"; sourceTree = "<group>"; };
		2C103A5118233ABE009EC842 /* en */ = {isa = PBXFileReference; lastKnownFileType = text.plist.strings; name = en; path = en.lproj/InfoPlist.strings; sourceTree = "<group>"; };
		2C103A5318233ABE009EC842 /* BestRouteDetailTests.m */ = {isa = PBXFileReference; lastKnownFileType = sourcecode.c.objc; path = BestRouteDetailTests.m; sourceTree = "<group>"; };
		2C103A5E18233C9B009EC842 /* BestRouteAnnotation.h */ = {isa = PBXFileReference; fileEncoding = 4; lastKnownFileType = sourcecode.c.h; path = BestRouteAnnotation.h; sourceTree = "<group>"; };
		2C103A5F18233C9B009EC842 /* BestRouteAnnotation.m */ = {isa = PBXFileReference; fileEncoding = 4; lastKnownFileType = sourcecode.c.objc; path = BestRouteAnnotation.m; sourceTree = "<group>"; };
		2C103A6118233C9B009EC842 /* BestRouteSegment.h */ = {isa = PBXFileReference; fileEncoding = 4; lastKnownFileType = sourcecode.c.h; path = BestRouteSegment.h; sourceTree = "<group>"; };
		2C103A6218233C9B009EC842 /* BestRouteTimer.h */ = {isa = PBXFileReference; fileEncoding = 4; lastKnownFileType = sourcecode.c.h; path = BestRouteTimer.h; sourceTree = "<group>"; };
		2C103A6318233C9B009EC842 /* BestRouteTrip.h */ = {isa = PBXFileReference; fileEncoding = 4; lastKnownFileType = sourcecode.c.h; path = BestRouteTrip.h; sourceTree = "<group>"; };
		2C103A6418233C9B009EC842 /* Route.h */ = {isa = PBXFileReference; fileEncoding = 4; lastKnownFileType = sourcecode.c.h; path = Route.h; sourceTree = "<group>"; };
		2C103A6618233C9B009EC842 /* BestRouteSegment.m */ = {isa = PBXFileReference; fileEncoding = 4; lastKnownFileType = sourcecode.c.objc; path = BestRouteSegment.m; sourceTree = "<group>"; };
		2C103A6718233C9B009EC842 /* BestRouteTimer.m */ = {isa = PBXFileReference; fileEncoding = 4; lastKnownFileType = sourcecode.c.objc; path = BestRouteTimer.m; sourceTree = "<group>"; };
		2C103A6818233C9B009EC842 /* BestRouteTrip.m */ = {isa = PBXFileReference; fileEncoding = 4; lastKnownFileType = sourcecode.c.objc; path = BestRouteTrip.m; sourceTree = "<group>"; };
		2C103A6918233C9B009EC842 /* Route.m */ = {isa = PBXFileReference; fileEncoding = 4; lastKnownFileType = sourcecode.c.objc; path = Route.m; sourceTree = "<group>"; };
		2C103A7518236D39009EC842 /* BestRouteBrain.h */ = {isa = PBXFileReference; fileEncoding = 4; lastKnownFileType = sourcecode.c.h; path = BestRouteBrain.h; sourceTree = "<group>"; };
		2C103A7618236D39009EC842 /* BestRouteBrain.m */ = {isa = PBXFileReference; fileEncoding = 4; lastKnownFileType = sourcecode.c.objc; path = BestRouteBrain.m; sourceTree = "<group>"; };
		2CAB8A3818237B0C00C88E92 /* RouteViewController.h */ = {isa = PBXFileReference; fileEncoding = 4; lastKnownFileType = sourcecode.c.h; name = RouteViewController.h; path = ../RouteViewController.h; sourceTree = "<group>"; };
		2CAB8A3918237B0C00C88E92 /* RouteViewController.m */ = {isa = PBXFileReference; fileEncoding = 4; lastKnownFileType = sourcecode.c.objc; name = RouteViewController.m; path = ../RouteViewController.m; sourceTree = "<group>"; };
		2CAB8A3B18237C5D00C88E92 /* BestRouteTripViewController.h */ = {isa = PBXFileReference; fileEncoding = 4; lastKnownFileType = sourcecode.c.h; name = BestRouteTripViewController.h; path = ../BestRouteTripViewController.h; sourceTree = "<group>"; };
		2CAB8A3C18237C5D00C88E92 /* BestRouteTripViewController.m */ = {isa = PBXFileReference; fileEncoding = 4; lastKnownFileType = sourcecode.c.objc; name = BestRouteTripViewController.m; path = ../BestRouteTripViewController.m; sourceTree = "<group>"; };
		2CAB8A82182397B400C88E92 /* MapKit.framework */ = {isa = PBXFileReference; lastKnownFileType = wrapper.framework; name = MapKit.framework; path = System/Library/Frameworks/MapKit.framework; sourceTree = SDKROOT; };
		8BA4908B7DD94BB3AD3E04ED /* Pods.xcconfig */ = {isa = PBXFileReference; includeInIndex = 1; lastKnownFileType = text.xcconfig; name = Pods.xcconfig; path = Pods/Pods.xcconfig; sourceTree = "<group>"; };
		F1D31FD4FB064C98B9D65C80 /* libPods.a */ = {isa = PBXFileReference; explicitFileType = archive.ar; includeInIndex = 0; path = libPods.a; sourceTree = BUILT_PRODUCTS_DIR; };
/* End PBXFileReference section */

/* Begin PBXFrameworksBuildPhase section */
		2C103A1F18233ABE009EC842 /* Frameworks */ = {
			isa = PBXFrameworksBuildPhase;
			buildActionMask = 2147483647;
			files = (
				2CAB8A83182397B400C88E92 /* MapKit.framework in Frameworks */,
				2C103A2818233ABE009EC842 /* CoreGraphics.framework in Frameworks */,
				2C103A2A18233ABE009EC842 /* UIKit.framework in Frameworks */,
				2C103A2618233ABE009EC842 /* Foundation.framework in Frameworks */,
				5C8F094C58DC46E983ED490B /* libPods.a in Frameworks */,
			);
			runOnlyForDeploymentPostprocessing = 0;
		};
		2C103A4318233ABE009EC842 /* Frameworks */ = {
			isa = PBXFrameworksBuildPhase;
			buildActionMask = 2147483647;
			files = (
				2C103A4818233ABE009EC842 /* XCTest.framework in Frameworks */,
				2C103A4A18233ABE009EC842 /* UIKit.framework in Frameworks */,
				2C103A4918233ABE009EC842 /* Foundation.framework in Frameworks */,
			);
			runOnlyForDeploymentPostprocessing = 0;
		};
/* End PBXFrameworksBuildPhase section */

/* Begin PBXGroup section */
		2C103A1918233ABE009EC842 = {
			isa = PBXGroup;
			children = (
				2C103A7518236D39009EC842 /* BestRouteBrain.h */,
				2C103A7618236D39009EC842 /* BestRouteBrain.m */,
				2C103A2B18233ABE009EC842 /* BestRouteDetail */,
				2C103A4D18233ABE009EC842 /* BestRouteDetailTests */,
				2C103A2418233ABE009EC842 /* Frameworks */,
				2C103A2318233ABE009EC842 /* Products */,
				8BA4908B7DD94BB3AD3E04ED /* Pods.xcconfig */,
			);
			sourceTree = "<group>";
		};
		2C103A2318233ABE009EC842 /* Products */ = {
			isa = PBXGroup;
			children = (
				2C103A2218233ABE009EC842 /* BestRouteDetail.app */,
				2C103A4618233ABE009EC842 /* BestRouteDetailTests.xctest */,
			);
			name = Products;
			sourceTree = "<group>";
		};
		2C103A2418233ABE009EC842 /* Frameworks */ = {
			isa = PBXGroup;
			children = (
				2CAB8A82182397B400C88E92 /* MapKit.framework */,
				2C103A2518233ABE009EC842 /* Foundation.framework */,
				2C103A2718233ABE009EC842 /* CoreGraphics.framework */,
				2C103A2918233ABE009EC842 /* UIKit.framework */,
				2C103A4718233ABE009EC842 /* XCTest.framework */,
				F1D31FD4FB064C98B9D65C80 /* libPods.a */,
			);
			name = Frameworks;
			sourceTree = "<group>";
		};
		2C103A2B18233ABE009EC842 /* BestRouteDetail */ = {
			isa = PBXGroup;
			children = (
				2C103A7218236A85009EC842 /* ViewControllers */,
				2C103A5D18233C9B009EC842 /* Objects */,
				2C103A3418233ABE009EC842 /* BestRouteAppDelegate.h */,
				2C103A3518233ABE009EC842 /* BestRouteAppDelegate.m */,
				2C103A3718233ABE009EC842 /* Main.storyboard */,
				2C103A4018233ABE009EC842 /* Images.xcassets */,
				2C103A2C18233ABE009EC842 /* Supporting Files */,
			);
			path = BestRouteDetail;
			sourceTree = "<group>";
		};
		2C103A2C18233ABE009EC842 /* Supporting Files */ = {
			isa = PBXGroup;
			children = (
				2C103A2D18233ABE009EC842 /* BestRouteDetail-Info.plist */,
				2C103A2E18233ABE009EC842 /* InfoPlist.strings */,
				2C103A3118233ABE009EC842 /* main.m */,
				2C103A3318233ABE009EC842 /* BestRouteDetail-Prefix.pch */,
			);
			name = "Supporting Files";
			sourceTree = "<group>";
		};
		2C103A4D18233ABE009EC842 /* BestRouteDetailTests */ = {
			isa = PBXGroup;
			children = (
				2C103A5318233ABE009EC842 /* BestRouteDetailTests.m */,
				2C103A4E18233ABE009EC842 /* Supporting Files */,
			);
			path = BestRouteDetailTests;
			sourceTree = "<group>";
		};
		2C103A4E18233ABE009EC842 /* Supporting Files */ = {
			isa = PBXGroup;
			children = (
				2C103A4F18233ABE009EC842 /* BestRouteDetailTests-Info.plist */,
				2C103A5018233ABE009EC842 /* InfoPlist.strings */,
			);
			name = "Supporting Files";
			sourceTree = "<group>";
		};
		2C103A5D18233C9B009EC842 /* Objects */ = {
			isa = PBXGroup;
			children = (
				2C103A5E18233C9B009EC842 /* BestRouteAnnotation.h */,
				2C103A5F18233C9B009EC842 /* BestRouteAnnotation.m */,
				2C103A6018233C9B009EC842 /* Headers */,
				2C103A6518233C9B009EC842 /* Implementations */,
			);
			name = Objects;
			path = ../Objects;
			sourceTree = "<group>";
		};
		2C103A6018233C9B009EC842 /* Headers */ = {
			isa = PBXGroup;
			children = (
				2C103A6118233C9B009EC842 /* BestRouteSegment.h */,
				2C103A6218233C9B009EC842 /* BestRouteTimer.h */,
				2C103A6318233C9B009EC842 /* BestRouteTrip.h */,
				2C103A6418233C9B009EC842 /* Route.h */,
			);
			path = Headers;
			sourceTree = "<group>";
		};
		2C103A6518233C9B009EC842 /* Implementations */ = {
			isa = PBXGroup;
			children = (
				2C103A6618233C9B009EC842 /* BestRouteSegment.m */,
				2C103A6718233C9B009EC842 /* BestRouteTimer.m */,
				2C103A6818233C9B009EC842 /* BestRouteTrip.m */,
				2C103A6918233C9B009EC842 /* Route.m */,
			);
			path = Implementations;
			sourceTree = "<group>";
		};
		2C103A7218236A85009EC842 /* ViewControllers */ = {
			isa = PBXGroup;
			children = (
				2C103A7318236A85009EC842 /* Headers */,
				2C103A7418236A85009EC842 /* Implementations */,
			);
			name = ViewControllers;
			path = ../ViewControllers;
			sourceTree = "<group>";
		};
		2C103A7318236A85009EC842 /* Headers */ = {
			isa = PBXGroup;
			children = (
				2CAB8A3B18237C5D00C88E92 /* BestRouteTripViewController.h */,
				2CAB8A3818237B0C00C88E92 /* RouteViewController.h */,
				2C0914C018237501005347C4 /* BestRouteMapViewController.h */,
				2C103A3A18233ABE009EC842 /* BestRouteMasterViewController.h */,
				2C103A3D18233ABE009EC842 /* BestRouteDetailViewController.h */,
			);
			path = Headers;
			sourceTree = "<group>";
		};
		2C103A7418236A85009EC842 /* Implementations */ = {
			isa = PBXGroup;
			children = (
				2CAB8A3C18237C5D00C88E92 /* BestRouteTripViewController.m */,
				2CAB8A3918237B0C00C88E92 /* RouteViewController.m */,
				2C0914C118237501005347C4 /* BestRouteMapViewController.m */,
				2C103A3B18233ABE009EC842 /* BestRouteMasterViewController.m */,
				2C103A3E18233ABE009EC842 /* BestRouteDetailViewController.m */,
			);
			path = Implementations;
			sourceTree = "<group>";
		};
/* End PBXGroup section */

/* Begin PBXNativeTarget section */
		2C103A2118233ABE009EC842 /* BestRouteDetail */ = {
			isa = PBXNativeTarget;
			buildConfigurationList = 2C103A5718233ABE009EC842 /* Build configuration list for PBXNativeTarget "BestRouteDetail" */;
			buildPhases = (
				0087A00CD6C74F63953C1493 /* Check Pods Manifest.lock */,
				2C103A1E18233ABE009EC842 /* Sources */,
				2C103A1F18233ABE009EC842 /* Frameworks */,
				2C103A2018233ABE009EC842 /* Resources */,
				5F8D7DB724884D5994865B90 /* Copy Pods Resources */,
			);
			buildRules = (
			);
			dependencies = (
			);
			name = BestRouteDetail;
			productName = BestRouteDetail;
			productReference = 2C103A2218233ABE009EC842 /* BestRouteDetail.app */;
			productType = "com.apple.product-type.application";
		};
		2C103A4518233ABE009EC842 /* BestRouteDetailTests */ = {
			isa = PBXNativeTarget;
			buildConfigurationList = 2C103A5A18233ABE009EC842 /* Build configuration list for PBXNativeTarget "BestRouteDetailTests" */;
			buildPhases = (
				2C103A4218233ABE009EC842 /* Sources */,
				2C103A4318233ABE009EC842 /* Frameworks */,
				2C103A4418233ABE009EC842 /* Resources */,
			);
			buildRules = (
			);
			dependencies = (
				2C103A4C18233ABE009EC842 /* PBXTargetDependency */,
			);
			name = BestRouteDetailTests;
			productName = BestRouteDetailTests;
			productReference = 2C103A4618233ABE009EC842 /* BestRouteDetailTests.xctest */;
			productType = "com.apple.product-type.bundle.unit-test";
		};
/* End PBXNativeTarget section */

/* Begin PBXProject section */
		2C103A1A18233ABE009EC842 /* Project object */ = {
			isa = PBXProject;
			attributes = {
				CLASSPREFIX = BestRoute;
				LastUpgradeCheck = 0500;
				ORGANIZATIONNAME = "Jesse Nelson";
				TargetAttributes = {
					2C103A4518233ABE009EC842 = {
						TestTargetID = 2C103A2118233ABE009EC842;
					};
				};
			};
			buildConfigurationList = 2C103A1D18233ABE009EC842 /* Build configuration list for PBXProject "BestRouteDetail" */;
			compatibilityVersion = "Xcode 3.2";
			developmentRegion = English;
			hasScannedForEncodings = 0;
			knownRegions = (
				en,
				Base,
			);
			mainGroup = 2C103A1918233ABE009EC842;
			productRefGroup = 2C103A2318233ABE009EC842 /* Products */;
			projectDirPath = "";
			projectRoot = "";
			targets = (
				2C103A2118233ABE009EC842 /* BestRouteDetail */,
				2C103A4518233ABE009EC842 /* BestRouteDetailTests */,
			);
		};
/* End PBXProject section */

/* Begin PBXResourcesBuildPhase section */
		2C103A2018233ABE009EC842 /* Resources */ = {
			isa = PBXResourcesBuildPhase;
			buildActionMask = 2147483647;
			files = (
				2C103A4118233ABE009EC842 /* Images.xcassets in Resources */,
				2C103A3018233ABE009EC842 /* InfoPlist.strings in Resources */,
				2C103A3918233ABE009EC842 /* Main.storyboard in Resources */,
			);
			runOnlyForDeploymentPostprocessing = 0;
		};
		2C103A4418233ABE009EC842 /* Resources */ = {
			isa = PBXResourcesBuildPhase;
			buildActionMask = 2147483647;
			files = (
				2C103A5218233ABE009EC842 /* InfoPlist.strings in Resources */,
			);
			runOnlyForDeploymentPostprocessing = 0;
		};
/* End PBXResourcesBuildPhase section */

/* Begin PBXShellScriptBuildPhase section */
		0087A00CD6C74F63953C1493 /* Check Pods Manifest.lock */ = {
			isa = PBXShellScriptBuildPhase;
			buildActionMask = 2147483647;
			files = (
			);
			inputPaths = (
			);
			name = "Check Pods Manifest.lock";
			outputPaths = (
			);
			runOnlyForDeploymentPostprocessing = 0;
			shellPath = /bin/sh;
			shellScript = "diff \"${PODS_ROOT}/../Podfile.lock\" \"${PODS_ROOT}/Manifest.lock\" > /dev/null\nif [[ $? != 0 ]] ; then\n    cat << EOM\nerror: The sandbox is not in sync with the Podfile.lock. Run 'pod install' or update your CocoaPods installation.\nEOM\n    exit 1\nfi\n";
			showEnvVarsInLog = 0;
		};
		5F8D7DB724884D5994865B90 /* Copy Pods Resources */ = {
			isa = PBXShellScriptBuildPhase;
			buildActionMask = 2147483647;
			files = (
			);
			inputPaths = (
			);
			name = "Copy Pods Resources";
			outputPaths = (
			);
			runOnlyForDeploymentPostprocessing = 0;
			shellPath = /bin/sh;
			shellScript = "\"${SRCROOT}/Pods/Pods-resources.sh\"\n";
			showEnvVarsInLog = 0;
		};
/* End PBXShellScriptBuildPhase section */

/* Begin PBXSourcesBuildPhase section */
		2C103A1E18233ABE009EC842 /* Sources */ = {
			isa = PBXSourcesBuildPhase;
			buildActionMask = 2147483647;
			files = (
				2C103A3618233ABE009EC842 /* BestRouteAppDelegate.m in Sources */,
				2C103A7718236D39009EC842 /* BestRouteBrain.m in Sources */,
				2C103A3F18233ABE009EC842 /* BestRouteDetailViewController.m in Sources */,
				2C103A3218233ABE009EC842 /* main.m in Sources */,
				2C103A6E18233C9B009EC842 /* Route.m in Sources */,
				2C103A6B18233C9B009EC842 /* BestRouteSegment.m in Sources */,
				2C103A6A18233C9B009EC842 /* BestRouteAnnotation.m in Sources */,
				2C103A3C18233ABE009EC842 /* BestRouteMasterViewController.m in Sources */,
				2C103A6D18233C9B009EC842 /* BestRouteTrip.m in Sources */,
				2C0914C218237501005347C4 /* BestRouteMapViewController.m in Sources */,
				2C103A6C18233C9B009EC842 /* BestRouteTimer.m in Sources */,
				2CAB8A3A18237B0C00C88E92 /* RouteViewController.m in Sources */,
				2CAB8A3D18237C5D00C88E92 /* BestRouteTripViewController.m in Sources */,
			);
			runOnlyForDeploymentPostprocessing = 0;
		};
		2C103A4218233ABE009EC842 /* Sources */ = {
			isa = PBXSourcesBuildPhase;
			buildActionMask = 2147483647;
			files = (
				2C103A5418233ABE009EC842 /* BestRouteDetailTests.m in Sources */,
			);
			runOnlyForDeploymentPostprocessing = 0;
		};
/* End PBXSourcesBuildPhase section */

/* Begin PBXTargetDependency section */
		2C103A4C18233ABE009EC842 /* PBXTargetDependency */ = {
			isa = PBXTargetDependency;
			target = 2C103A2118233ABE009EC842 /* BestRouteDetail */;
			targetProxy = 2C103A4B18233ABE009EC842 /* PBXContainerItemProxy */;
		};
/* End PBXTargetDependency section */

/* Begin PBXVariantGroup section */
		2C103A2E18233ABE009EC842 /* InfoPlist.strings */ = {
			isa = PBXVariantGroup;
			children = (
				2C103A2F18233ABE009EC842 /* en */,
			);
			name = InfoPlist.strings;
			sourceTree = "<group>";
		};
		2C103A3718233ABE009EC842 /* Main.storyboard */ = {
			isa = PBXVariantGroup;
			children = (
				2C103A3818233ABE009EC842 /* Base */,
			);
			name = Main.storyboard;
			sourceTree = "<group>";
		};
		2C103A5018233ABE009EC842 /* InfoPlist.strings */ = {
			isa = PBXVariantGroup;
			children = (
				2C103A5118233ABE009EC842 /* en */,
			);
			name = InfoPlist.strings;
			sourceTree = "<group>";
		};
/* End PBXVariantGroup section */

/* Begin XCBuildConfiguration section */
		2C103A5518233ABE009EC842 /* Debug */ = {
			isa = XCBuildConfiguration;
			buildSettings = {
				ALWAYS_SEARCH_USER_PATHS = NO;
				ARCHS = "$(ARCHS_STANDARD_INCLUDING_64_BIT)";
				CLANG_CXX_LANGUAGE_STANDARD = "gnu++0x";
				CLANG_CXX_LIBRARY = "libc++";
				CLANG_ENABLE_MODULES = YES;
				CLANG_ENABLE_OBJC_ARC = YES;
				CLANG_WARN_BOOL_CONVERSION = YES;
				CLANG_WARN_CONSTANT_CONVERSION = YES;
				CLANG_WARN_DIRECT_OBJC_ISA_USAGE = YES_ERROR;
				CLANG_WARN_EMPTY_BODY = YES;
				CLANG_WARN_ENUM_CONVERSION = YES;
				CLANG_WARN_INT_CONVERSION = YES;
				CLANG_WARN_OBJC_ROOT_CLASS = YES_ERROR;
				CLANG_WARN__DUPLICATE_METHOD_MATCH = YES;
				"CODE_SIGN_IDENTITY[sdk=iphoneos*]" = "iPhone Developer";
				COPY_PHASE_STRIP = NO;
				GCC_C_LANGUAGE_STANDARD = gnu99;
				GCC_DYNAMIC_NO_PIC = NO;
				GCC_OPTIMIZATION_LEVEL = 0;
				GCC_PREPROCESSOR_DEFINITIONS = (
					"DEBUG=1",
					"$(inherited)",
				);
				GCC_SYMBOLS_PRIVATE_EXTERN = NO;
				GCC_WARN_64_TO_32_BIT_CONVERSION = YES;
				GCC_WARN_ABOUT_RETURN_TYPE = YES_ERROR;
				GCC_WARN_UNDECLARED_SELECTOR = YES;
				GCC_WARN_UNINITIALIZED_AUTOS = YES;
				GCC_WARN_UNUSED_FUNCTION = YES;
				GCC_WARN_UNUSED_VARIABLE = YES;
				IPHONEOS_DEPLOYMENT_TARGET = 7.0;
				ONLY_ACTIVE_ARCH = YES;
				SDKROOT = iphoneos;
			};
			name = Debug;
		};
		2C103A5618233ABE009EC842 /* Release */ = {
			isa = XCBuildConfiguration;
			buildSettings = {
				ALWAYS_SEARCH_USER_PATHS = NO;
				ARCHS = "$(ARCHS_STANDARD_INCLUDING_64_BIT)";
				CLANG_CXX_LANGUAGE_STANDARD = "gnu++0x";
				CLANG_CXX_LIBRARY = "libc++";
				CLANG_ENABLE_MODULES = YES;
				CLANG_ENABLE_OBJC_ARC = YES;
				CLANG_WARN_BOOL_CONVERSION = YES;
				CLANG_WARN_CONSTANT_CONVERSION = YES;
				CLANG_WARN_DIRECT_OBJC_ISA_USAGE = YES_ERROR;
				CLANG_WARN_EMPTY_BODY = YES;
				CLANG_WARN_ENUM_CONVERSION = YES;
				CLANG_WARN_INT_CONVERSION = YES;
				CLANG_WARN_OBJC_ROOT_CLASS = YES_ERROR;
				CLANG_WARN__DUPLICATE_METHOD_MATCH = YES;
				"CODE_SIGN_IDENTITY[sdk=iphoneos*]" = "iPhone Developer";
				COPY_PHASE_STRIP = YES;
				ENABLE_NS_ASSERTIONS = NO;
				GCC_C_LANGUAGE_STANDARD = gnu99;
				GCC_WARN_64_TO_32_BIT_CONVERSION = YES;
				GCC_WARN_ABOUT_RETURN_TYPE = YES_ERROR;
				GCC_WARN_UNDECLARED_SELECTOR = YES;
				GCC_WARN_UNINITIALIZED_AUTOS = YES;
				GCC_WARN_UNUSED_FUNCTION = YES;
				GCC_WARN_UNUSED_VARIABLE = YES;
				IPHONEOS_DEPLOYMENT_TARGET = 7.0;
				SDKROOT = iphoneos;
				VALIDATE_PRODUCT = YES;
			};
			name = Release;
		};
		2C103A5818233ABE009EC842 /* Debug */ = {
			isa = XCBuildConfiguration;
			baseConfigurationReference = 8BA4908B7DD94BB3AD3E04ED /* Pods.xcconfig */;
			buildSettings = {
				ASSETCATALOG_COMPILER_APPICON_NAME = AppIcon;
				ASSETCATALOG_COMPILER_LAUNCHIMAGE_NAME = LaunchImage;
				GCC_PRECOMPILE_PREFIX_HEADER = YES;
				GCC_PREFIX_HEADER = "BestRouteDetail/BestRouteDetail-Prefix.pch";
				INFOPLIST_FILE = "BestRouteDetail/BestRouteDetail-Info.plist";
				PRODUCT_NAME = "$(TARGET_NAME)";
				WRAPPER_EXTENSION = app;
			};
			name = Debug;
		};
		2C103A5918233ABE009EC842 /* Release */ = {
			isa = XCBuildConfiguration;
			baseConfigurationReference = 8BA4908B7DD94BB3AD3E04ED /* Pods.xcconfig */;
			buildSettings = {
				ASSETCATALOG_COMPILER_APPICON_NAME = AppIcon;
				ASSETCATALOG_COMPILER_LAUNCHIMAGE_NAME = LaunchImage;
				GCC_PRECOMPILE_PREFIX_HEADER = YES;
				GCC_PREFIX_HEADER = "BestRouteDetail/BestRouteDetail-Prefix.pch";
				INFOPLIST_FILE = "BestRouteDetail/BestRouteDetail-Info.plist";
				PRODUCT_NAME = "$(TARGET_NAME)";
				WRAPPER_EXTENSION = app;
			};
			name = Release;
		};
		2C103A5B18233ABE009EC842 /* Debug */ = {
			isa = XCBuildConfiguration;
			buildSettings = {
				ARCHS = "$(ARCHS_STANDARD_INCLUDING_64_BIT)";
				BUNDLE_LOADER = "$(BUILT_PRODUCTS_DIR)/BestRouteDetail.app/BestRouteDetail";
				FRAMEWORK_SEARCH_PATHS = (
					"$(SDKROOT)/Developer/Library/Frameworks",
					"$(inherited)",
					"$(DEVELOPER_FRAMEWORKS_DIR)",
				);
				GCC_PRECOMPILE_PREFIX_HEADER = YES;
				GCC_PREFIX_HEADER = "BestRouteDetail/BestRouteDetail-Prefix.pch";
				GCC_PREPROCESSOR_DEFINITIONS = (
					"DEBUG=1",
					"$(inherited)",
				);
				INFOPLIST_FILE = "BestRouteDetailTests/BestRouteDetailTests-Info.plist";
				PRODUCT_NAME = "$(TARGET_NAME)";
				TEST_HOST = "$(BUNDLE_LOADER)";
				WRAPPER_EXTENSION = xctest;
			};
			name = Debug;
		};
		2C103A5C18233ABE009EC842 /* Release */ = {
			isa = XCBuildConfiguration;
			buildSettings = {
				ARCHS = "$(ARCHS_STANDARD_INCLUDING_64_BIT)";
				BUNDLE_LOADER = "$(BUILT_PRODUCTS_DIR)/BestRouteDetail.app/BestRouteDetail";
				FRAMEWORK_SEARCH_PATHS = (
					"$(SDKROOT)/Developer/Library/Frameworks",
					"$(inherited)",
					"$(DEVELOPER_FRAMEWORKS_DIR)",
				);
				GCC_PRECOMPILE_PREFIX_HEADER = YES;
				GCC_PREFIX_HEADER = "BestRouteDetail/BestRouteDetail-Prefix.pch";
				INFOPLIST_FILE = "BestRouteDetailTests/BestRouteDetailTests-Info.plist";
				PRODUCT_NAME = "$(TARGET_NAME)";
				TEST_HOST = "$(BUNDLE_LOADER)";
				WRAPPER_EXTENSION = xctest;
			};
			name = Release;
		};
/* End XCBuildConfiguration section */

/* Begin XCConfigurationList section */
		2C103A1D18233ABE009EC842 /* Build configuration list for PBXProject "BestRouteDetail" */ = {
			isa = XCConfigurationList;
			buildConfigurations = (
				2C103A5518233ABE009EC842 /* Debug */,
				2C103A5618233ABE009EC842 /* Release */,
			);
			defaultConfigurationIsVisible = 0;
			defaultConfigurationName = Release;
		};
		2C103A5718233ABE009EC842 /* Build configuration list for PBXNativeTarget "BestRouteDetail" */ = {
			isa = XCConfigurationList;
			buildConfigurations = (
				2C103A5818233ABE009EC842 /* Debug */,
				2C103A5918233ABE009EC842 /* Release */,
			);
			defaultConfigurationIsVisible = 0;
			defaultConfigurationName = Release;
		};
		2C103A5A18233ABE009EC842 /* Build configuration list for PBXNativeTarget "BestRouteDetailTests" */ = {
			isa = XCConfigurationList;
			buildConfigurations = (
				2C103A5B18233ABE009EC842 /* Debug */,
				2C103A5C18233ABE009EC842 /* Release */,
			);
			defaultConfigurationIsVisible = 0;
			defaultConfigurationName = Release;
		};
/* End XCConfigurationList section */
	};
	rootObject = 2C103A1A18233ABE009EC842 /* Project object */;
}
